// !$*UTF8*$!
{
	archiveVersion = 1;
	classes = {
	};
	objectVersion = 46;
	objects = {

/* Begin PBXBuildFile section */
		0213ADC01A57DB480010F9E1 /* ISO8601.framework in Frameworks */ = {isa = PBXBuildFile; fileRef = 0213ADBC1A57DB480010F9E1 /* ISO8601.framework */; };
		0213ADC11A57DB480010F9E1 /* ISO8601.framework in Embed Frameworks */ = {isa = PBXBuildFile; fileRef = 0213ADBC1A57DB480010F9E1 /* ISO8601.framework */; settings = {ATTRIBUTES = (CodeSignOnCopy, RemoveHeadersOnCopy, ); }; };
		0213ADC21A57DB480010F9E1 /* ReactiveCocoa.framework in Frameworks */ = {isa = PBXBuildFile; fileRef = 0213ADBD1A57DB480010F9E1 /* ReactiveCocoa.framework */; };
		0213ADC31A57DB480010F9E1 /* ReactiveCocoa.framework in Embed Frameworks */ = {isa = PBXBuildFile; fileRef = 0213ADBD1A57DB480010F9E1 /* ReactiveCocoa.framework */; settings = {ATTRIBUTES = (CodeSignOnCopy, RemoveHeadersOnCopy, ); }; };
		0213ADC41A57DB480010F9E1 /* SocketIOFramework.framework in Frameworks */ = {isa = PBXBuildFile; fileRef = 0213ADBE1A57DB480010F9E1 /* SocketIOFramework.framework */; };
		0213ADC51A57DB480010F9E1 /* SocketIOFramework.framework in Embed Frameworks */ = {isa = PBXBuildFile; fileRef = 0213ADBE1A57DB480010F9E1 /* SocketIOFramework.framework */; settings = {ATTRIBUTES = (CodeSignOnCopy, RemoveHeadersOnCopy, ); }; };
		0213ADC61A57DB480010F9E1 /* SwiftyJSON.framework in Frameworks */ = {isa = PBXBuildFile; fileRef = 0213ADBF1A57DB480010F9E1 /* SwiftyJSON.framework */; };
		0213ADC71A57DB480010F9E1 /* SwiftyJSON.framework in Embed Frameworks */ = {isa = PBXBuildFile; fileRef = 0213ADBF1A57DB480010F9E1 /* SwiftyJSON.framework */; settings = {ATTRIBUTES = (CodeSignOnCopy, RemoveHeadersOnCopy, ); }; };
		0213ADCB1A57DC440010F9E1 /* LlamaKit.framework in Frameworks */ = {isa = PBXBuildFile; fileRef = 0213ADCA1A57DC440010F9E1 /* LlamaKit.framework */; };
		0213ADCC1A57DC440010F9E1 /* LlamaKit.framework in Embed Frameworks */ = {isa = PBXBuildFile; fileRef = 0213ADCA1A57DC440010F9E1 /* LlamaKit.framework */; settings = {ATTRIBUTES = (CodeSignOnCopy, RemoveHeadersOnCopy, ); }; };
		0213ADD21A57E6EB0010F9E1 /* BrewManager.swift in Sources */ = {isa = PBXBuildFile; fileRef = 0213ADD11A57E6EB0010F9E1 /* BrewManager.swift */; };
		0213ADD61A5922890010F9E1 /* BrewViewModel.swift in Sources */ = {isa = PBXBuildFile; fileRef = 0213ADD51A5922890010F9E1 /* BrewViewModel.swift */; };
		0213ADD81A5937730010F9E1 /* BrewViewController.xib in Resources */ = {isa = PBXBuildFile; fileRef = 0213ADD71A5937730010F9E1 /* BrewViewController.xib */; };
		0213ADDA1A5937930010F9E1 /* BrewDesignerViewController.xib in Resources */ = {isa = PBXBuildFile; fileRef = 0213ADD91A5937930010F9E1 /* BrewDesignerViewController.xib */; };
		0213ADDC1A5937A90010F9E1 /* BrewNewPhaseViewController.xib in Resources */ = {isa = PBXBuildFile; fileRef = 0213ADDB1A5937A90010F9E1 /* BrewNewPhaseViewController.xib */; };
		0213ADDE1A59380B0010F9E1 /* PhaseCell.xib in Resources */ = {isa = PBXBuildFile; fileRef = 0213ADDD1A59380B0010F9E1 /* PhaseCell.xib */; };
		0213ADE01A5938350010F9E1 /* BrewCell.xib in Resources */ = {isa = PBXBuildFile; fileRef = 0213ADDF1A5938350010F9E1 /* BrewCell.xib */; };
		0213ADE21A5940DC0010F9E1 /* BrewCell.swift in Sources */ = {isa = PBXBuildFile; fileRef = 0213ADE11A5940DC0010F9E1 /* BrewCell.swift */; };
		0213ADE41A597F980010F9E1 /* PhaseCell.swift in Sources */ = {isa = PBXBuildFile; fileRef = 0213ADE31A597F980010F9E1 /* PhaseCell.swift */; };
		02284A261A53FAD400B8CBD2 /* SwiftyJSON.swift in Sources */ = {isa = PBXBuildFile; fileRef = 02284A251A53FAD400B8CBD2 /* SwiftyJSON.swift */; };
		02284A271A53FAD400B8CBD2 /* SwiftyJSON.swift in Sources */ = {isa = PBXBuildFile; fileRef = 02284A251A53FAD400B8CBD2 /* SwiftyJSON.swift */; };
		0289A94C1A626C2600BD2601 /* ContentParser.swift in Sources */ = {isa = PBXBuildFile; fileRef = 0289A94B1A626C2600BD2601 /* ContentParser.swift */; };
		0289A94D1A626C2600BD2601 /* ContentParser.swift in Sources */ = {isa = PBXBuildFile; fileRef = 0289A94B1A626C2600BD2601 /* ContentParser.swift */; };
		0289A9521A62B0FF00BD2601 /* RAC.swift in Sources */ = {isa = PBXBuildFile; fileRef = 0289A94F1A62B0FF00BD2601 /* RAC.swift */; };
		0289A9531A62B0FF00BD2601 /* RAC.swift in Sources */ = {isa = PBXBuildFile; fileRef = 0289A94F1A62B0FF00BD2601 /* RAC.swift */; };
		0289A9541A62B0FF00BD2601 /* RACObserve.swift in Sources */ = {isa = PBXBuildFile; fileRef = 0289A9501A62B0FF00BD2601 /* RACObserve.swift */; };
		0289A9551A62B0FF00BD2601 /* RACObserve.swift in Sources */ = {isa = PBXBuildFile; fileRef = 0289A9501A62B0FF00BD2601 /* RACObserve.swift */; };
		690197A71A0D4FA4003DB4B9 /* BrewDesignerViewController.swift in Sources */ = {isa = PBXBuildFile; fileRef = 690197A61A0D4FA4003DB4B9 /* BrewDesignerViewController.swift */; };
		690197AB1A0E10F2003DB4B9 /* BrewNewPhaseViewController.swift in Sources */ = {isa = PBXBuildFile; fileRef = 690197AA1A0E10F2003DB4B9 /* BrewNewPhaseViewController.swift */; };
		692AAA8919A34C8C00224C4D /* AppDelegate.swift in Sources */ = {isa = PBXBuildFile; fileRef = 692AAA8819A34C8C00224C4D /* AppDelegate.swift */; };
		692AAA8B19A34C8C00224C4D /* BrewViewController.swift in Sources */ = {isa = PBXBuildFile; fileRef = 692AAA8A19A34C8C00224C4D /* BrewViewController.swift */; };
		692AAA9019A34C8C00224C4D /* Images.xcassets in Resources */ = {isa = PBXBuildFile; fileRef = 692AAA8F19A34C8C00224C4D /* Images.xcassets */; };
		69A1102619CB38B900108B46 /* BrewPhaseTestCase.swift in Sources */ = {isa = PBXBuildFile; fileRef = 69A1102519CB38B900108B46 /* BrewPhaseTestCase.swift */; };
		69A1102719CB392D00108B46 /* BrewState.swift in Sources */ = {isa = PBXBuildFile; fileRef = 69DAECB719C5A83500933A62 /* BrewState.swift */; };
		69A1102819CB392D00108B46 /* BrewPhase.swift in Sources */ = {isa = PBXBuildFile; fileRef = 69DAECB919C5A84400933A62 /* BrewPhase.swift */; };
		69A1102D19CB596700108B46 /* BrewStateTestCase.swift in Sources */ = {isa = PBXBuildFile; fileRef = 69A1102C19CB596700108B46 /* BrewStateTestCase.swift */; };
		69DAECB819C5A83500933A62 /* BrewState.swift in Sources */ = {isa = PBXBuildFile; fileRef = 69DAECB719C5A83500933A62 /* BrewState.swift */; };
		69DAECBA19C5A84400933A62 /* BrewPhase.swift in Sources */ = {isa = PBXBuildFile; fileRef = 69DAECB919C5A84400933A62 /* BrewPhase.swift */; };
		69EC2A8D19CC3439008108D8 /* ContentParserTestCase.swift in Sources */ = {isa = PBXBuildFile; fileRef = 69EC2A8C19CC3439008108D8 /* ContentParserTestCase.swift */; };
/* End PBXBuildFile section */

/* Begin PBXContainerItemProxy section */
		692AAA9619A34C8C00224C4D /* PBXContainerItemProxy */ = {
			isa = PBXContainerItemProxy;
			containerPortal = 692AAA7B19A34C8C00224C4D /* Project object */;
			proxyType = 1;
			remoteGlobalIDString = 692AAA8219A34C8C00224C4D;
			remoteInfo = BrewMobile;
		};
/* End PBXContainerItemProxy section */

/* Begin PBXCopyFilesBuildPhase section */
		0213ADC81A57DB480010F9E1 /* Embed Frameworks */ = {
			isa = PBXCopyFilesBuildPhase;
			buildActionMask = 2147483647;
			dstPath = "";
			dstSubfolderSpec = 10;
			files = (
				0213ADC71A57DB480010F9E1 /* SwiftyJSON.framework in Embed Frameworks */,
				0213ADC51A57DB480010F9E1 /* SocketIOFramework.framework in Embed Frameworks */,
				0213ADC11A57DB480010F9E1 /* ISO8601.framework in Embed Frameworks */,
				0213ADC31A57DB480010F9E1 /* ReactiveCocoa.framework in Embed Frameworks */,
				0213ADCC1A57DC440010F9E1 /* LlamaKit.framework in Embed Frameworks */,
			);
			name = "Embed Frameworks";
			runOnlyForDeploymentPostprocessing = 0;
		};
/* End PBXCopyFilesBuildPhase section */

/* Begin PBXFileReference section */
		020EF0E71A5721F60044E0FD /* ReactiveCocoa.framework */ = {isa = PBXFileReference; lastKnownFileType = wrapper.framework; name = ReactiveCocoa.framework; path = Carthage/Build/iOS/ReactiveCocoa.framework; sourceTree = "<group>"; };
		0213ADBC1A57DB480010F9E1 /* ISO8601.framework */ = {isa = PBXFileReference; lastKnownFileType = wrapper.framework; name = ISO8601.framework; path = Carthage/Build/iOS/ISO8601.framework; sourceTree = "<group>"; };
		0213ADBD1A57DB480010F9E1 /* ReactiveCocoa.framework */ = {isa = PBXFileReference; lastKnownFileType = wrapper.framework; name = ReactiveCocoa.framework; path = Carthage/Build/iOS/ReactiveCocoa.framework; sourceTree = "<group>"; };
		0213ADBE1A57DB480010F9E1 /* SocketIOFramework.framework */ = {isa = PBXFileReference; lastKnownFileType = wrapper.framework; name = SocketIOFramework.framework; path = Carthage/Build/iOS/SocketIOFramework.framework; sourceTree = "<group>"; };
		0213ADBF1A57DB480010F9E1 /* SwiftyJSON.framework */ = {isa = PBXFileReference; lastKnownFileType = wrapper.framework; name = SwiftyJSON.framework; path = Carthage/Build/iOS/SwiftyJSON.framework; sourceTree = "<group>"; };
		0213ADCA1A57DC440010F9E1 /* LlamaKit.framework */ = {isa = PBXFileReference; lastKnownFileType = wrapper.framework; name = LlamaKit.framework; path = Carthage/Build/iOS/LlamaKit.framework; sourceTree = "<group>"; };
		0213ADD11A57E6EB0010F9E1 /* BrewManager.swift */ = {isa = PBXFileReference; fileEncoding = 4; lastKnownFileType = sourcecode.swift; path = BrewManager.swift; sourceTree = "<group>"; };
		0213ADD51A5922890010F9E1 /* BrewViewModel.swift */ = {isa = PBXFileReference; fileEncoding = 4; lastKnownFileType = sourcecode.swift; path = BrewViewModel.swift; sourceTree = "<group>"; };
		0213ADD71A5937730010F9E1 /* BrewViewController.xib */ = {isa = PBXFileReference; fileEncoding = 4; lastKnownFileType = file.xib; path = BrewViewController.xib; sourceTree = "<group>"; };
		0213ADD91A5937930010F9E1 /* BrewDesignerViewController.xib */ = {isa = PBXFileReference; fileEncoding = 4; lastKnownFileType = file.xib; path = BrewDesignerViewController.xib; sourceTree = "<group>"; };
		0213ADDB1A5937A90010F9E1 /* BrewNewPhaseViewController.xib */ = {isa = PBXFileReference; fileEncoding = 4; lastKnownFileType = file.xib; path = BrewNewPhaseViewController.xib; sourceTree = "<group>"; };
		0213ADDD1A59380B0010F9E1 /* PhaseCell.xib */ = {isa = PBXFileReference; fileEncoding = 4; lastKnownFileType = file.xib; path = PhaseCell.xib; sourceTree = "<group>"; };
		0213ADDF1A5938350010F9E1 /* BrewCell.xib */ = {isa = PBXFileReference; fileEncoding = 4; lastKnownFileType = file.xib; path = BrewCell.xib; sourceTree = "<group>"; };
		0213ADE11A5940DC0010F9E1 /* BrewCell.swift */ = {isa = PBXFileReference; fileEncoding = 4; lastKnownFileType = sourcecode.swift; path = BrewCell.swift; sourceTree = "<group>"; };
		0213ADE31A597F980010F9E1 /* PhaseCell.swift */ = {isa = PBXFileReference; fileEncoding = 4; lastKnownFileType = sourcecode.swift; path = PhaseCell.swift; sourceTree = "<group>"; };
		02284A251A53FAD400B8CBD2 /* SwiftyJSON.swift */ = {isa = PBXFileReference; fileEncoding = 4; lastKnownFileType = sourcecode.swift; name = SwiftyJSON.swift; path = "../../Downloads/SwiftyJSON-master/Source/SwiftyJSON.swift"; sourceTree = "<group>"; };
		027E31E01A52EA4100802098 /* ISO8601.framework */ = {isa = PBXFileReference; lastKnownFileType = wrapper.framework; name = ISO8601.framework; path = Carthage/Build/iOS/ISO8601.framework; sourceTree = "<group>"; };
		027E31E11A52EA4100802098 /* SocketIOFramework.framework */ = {isa = PBXFileReference; lastKnownFileType = wrapper.framework; name = SocketIOFramework.framework; path = Carthage/Build/iOS/SocketIOFramework.framework; sourceTree = "<group>"; };
		0289A94B1A626C2600BD2601 /* ContentParser.swift */ = {isa = PBXFileReference; fileEncoding = 4; lastKnownFileType = sourcecode.swift; path = ContentParser.swift; sourceTree = "<group>"; };
		0289A94F1A62B0FF00BD2601 /* RAC.swift */ = {isa = PBXFileReference; fileEncoding = 4; lastKnownFileType = sourcecode.swift; path = RAC.swift; sourceTree = "<group>"; };
		0289A9501A62B0FF00BD2601 /* RACObserve.swift */ = {isa = PBXFileReference; fileEncoding = 4; lastKnownFileType = sourcecode.swift; path = RACObserve.swift; sourceTree = "<group>"; };
		02BE3AE41A5303A300366800 /* SwiftyJSON.framework */ = {isa = PBXFileReference; lastKnownFileType = wrapper.framework; name = SwiftyJSON.framework; path = Carthage/Build/iOS/SwiftyJSON.framework; sourceTree = "<group>"; };
		690197A61A0D4FA4003DB4B9 /* BrewDesignerViewController.swift */ = {isa = PBXFileReference; fileEncoding = 4; lastKnownFileType = sourcecode.swift; path = BrewDesignerViewController.swift; sourceTree = "<group>"; };
		690197AA1A0E10F2003DB4B9 /* BrewNewPhaseViewController.swift */ = {isa = PBXFileReference; fileEncoding = 4; lastKnownFileType = sourcecode.swift; path = BrewNewPhaseViewController.swift; sourceTree = "<group>"; };
		692AAA8319A34C8C00224C4D /* BrewMobile.app */ = {isa = PBXFileReference; explicitFileType = wrapper.application; includeInIndex = 0; path = BrewMobile.app; sourceTree = BUILT_PRODUCTS_DIR; };
		692AAA8719A34C8C00224C4D /* Info.plist */ = {isa = PBXFileReference; lastKnownFileType = text.plist.xml; path = Info.plist; sourceTree = "<group>"; };
		692AAA8819A34C8C00224C4D /* AppDelegate.swift */ = {isa = PBXFileReference; lastKnownFileType = sourcecode.swift; path = AppDelegate.swift; sourceTree = "<group>"; };
		692AAA8A19A34C8C00224C4D /* BrewViewController.swift */ = {isa = PBXFileReference; lastKnownFileType = sourcecode.swift; path = BrewViewController.swift; sourceTree = "<group>"; };
		692AAA8F19A34C8C00224C4D /* Images.xcassets */ = {isa = PBXFileReference; lastKnownFileType = folder.assetcatalog; path = Images.xcassets; sourceTree = "<group>"; };
		692AAA9519A34C8C00224C4D /* BrewMobileTests.xctest */ = {isa = PBXFileReference; explicitFileType = wrapper.cfbundle; includeInIndex = 0; path = BrewMobileTests.xctest; sourceTree = BUILT_PRODUCTS_DIR; };
		692AAA9A19A34C8C00224C4D /* Info.plist */ = {isa = PBXFileReference; lastKnownFileType = text.plist.xml; path = Info.plist; sourceTree = "<group>"; };
		69A1102519CB38B900108B46 /* BrewPhaseTestCase.swift */ = {isa = PBXFileReference; fileEncoding = 4; lastKnownFileType = sourcecode.swift; path = BrewPhaseTestCase.swift; sourceTree = "<group>"; };
		69A1102C19CB596700108B46 /* BrewStateTestCase.swift */ = {isa = PBXFileReference; fileEncoding = 4; lastKnownFileType = sourcecode.swift; path = BrewStateTestCase.swift; sourceTree = "<group>"; };
		69DAECB719C5A83500933A62 /* BrewState.swift */ = {isa = PBXFileReference; fileEncoding = 4; lastKnownFileType = sourcecode.swift; path = BrewState.swift; sourceTree = "<group>"; };
		69DAECB919C5A84400933A62 /* BrewPhase.swift */ = {isa = PBXFileReference; fileEncoding = 4; lastKnownFileType = sourcecode.swift; path = BrewPhase.swift; sourceTree = "<group>"; };
		69EC2A8C19CC3439008108D8 /* ContentParserTestCase.swift */ = {isa = PBXFileReference; fileEncoding = 4; lastKnownFileType = sourcecode.swift; path = ContentParserTestCase.swift; sourceTree = "<group>"; };
/* End PBXFileReference section */

/* Begin PBXFrameworksBuildPhase section */
		692AAA8019A34C8C00224C4D /* Frameworks */ = {
			isa = PBXFrameworksBuildPhase;
			buildActionMask = 2147483647;
			files = (
				0213ADC61A57DB480010F9E1 /* SwiftyJSON.framework in Frameworks */,
				0213ADC41A57DB480010F9E1 /* SocketIOFramework.framework in Frameworks */,
				0213ADC01A57DB480010F9E1 /* ISO8601.framework in Frameworks */,
				0213ADC21A57DB480010F9E1 /* ReactiveCocoa.framework in Frameworks */,
				0213ADCB1A57DC440010F9E1 /* LlamaKit.framework in Frameworks */,
			);
			runOnlyForDeploymentPostprocessing = 0;
		};
		692AAA9219A34C8C00224C4D /* Frameworks */ = {
			isa = PBXFrameworksBuildPhase;
			buildActionMask = 2147483647;
			files = (
			);
			runOnlyForDeploymentPostprocessing = 0;
		};
/* End PBXFrameworksBuildPhase section */

/* Begin PBXGroup section */
		0213ADD41A5922760010F9E1 /* ViewModels */ = {
			isa = PBXGroup;
			children = (
				0213ADD51A5922890010F9E1 /* BrewViewModel.swift */,
			);
			name = ViewModels;
			sourceTree = "<group>";
		};
		0289A94A1A626C0C00BD2601 /* Helpers */ = {
			isa = PBXGroup;
			children = (
				0289A94B1A626C2600BD2601 /* ContentParser.swift */,
			);
			name = Helpers;
			sourceTree = "<group>";
		};
		0289A94E1A62B0FF00BD2601 /* RACUtils */ = {
			isa = PBXGroup;
			children = (
				0289A94F1A62B0FF00BD2601 /* RAC.swift */,
				0289A9501A62B0FF00BD2601 /* RACObserve.swift */,
			);
			path = RACUtils;
			sourceTree = "<group>";
		};
		690197AC1A0E10F9003DB4B9 /* Views */ = {
			isa = PBXGroup;
			children = (
				692AAA8A19A34C8C00224C4D /* BrewViewController.swift */,
				0213ADD71A5937730010F9E1 /* BrewViewController.xib */,
				690197A61A0D4FA4003DB4B9 /* BrewDesignerViewController.swift */,
				0213ADD91A5937930010F9E1 /* BrewDesignerViewController.xib */,
				690197AA1A0E10F2003DB4B9 /* BrewNewPhaseViewController.swift */,
				0213ADDB1A5937A90010F9E1 /* BrewNewPhaseViewController.xib */,
				0213ADE11A5940DC0010F9E1 /* BrewCell.swift */,
				0213ADDF1A5938350010F9E1 /* BrewCell.xib */,
				0213ADE31A597F980010F9E1 /* PhaseCell.swift */,
				0213ADDD1A59380B0010F9E1 /* PhaseCell.xib */,
			);
			name = Views;
			sourceTree = "<group>";
		};
		690197AD1A0E1111003DB4B9 /* Models */ = {
			isa = PBXGroup;
			children = (
				69DAECB719C5A83500933A62 /* BrewState.swift */,
				69DAECB919C5A84400933A62 /* BrewPhase.swift */,
				0213ADD11A57E6EB0010F9E1 /* BrewManager.swift */,
			);
			name = Models;
			sourceTree = "<group>";
		};
		692AAA7A19A34C8B00224C4D = {
			isa = PBXGroup;
			children = (
				692AAA8519A34C8C00224C4D /* BrewMobile */,
				692AAA9819A34C8C00224C4D /* BrewMobileTests */,
				692AAA8419A34C8C00224C4D /* Products */,
				F3641B66629A474A89086F3F /* Frameworks */,
			);
			sourceTree = "<group>";
		};
		692AAA8419A34C8C00224C4D /* Products */ = {
			isa = PBXGroup;
			children = (
				692AAA8319A34C8C00224C4D /* BrewMobile.app */,
				692AAA9519A34C8C00224C4D /* BrewMobileTests.xctest */,
			);
			name = Products;
			sourceTree = "<group>";
		};
		692AAA8519A34C8C00224C4D /* BrewMobile */ = {
			isa = PBXGroup;
			children = (
				690197AD1A0E1111003DB4B9 /* Models */,
				0213ADD41A5922760010F9E1 /* ViewModels */,
				690197AC1A0E10F9003DB4B9 /* Views */,
				0289A94A1A626C0C00BD2601 /* Helpers */,
				0289A94E1A62B0FF00BD2601 /* RACUtils */,
				692AAA8819A34C8C00224C4D /* AppDelegate.swift */,
				692AAA8F19A34C8C00224C4D /* Images.xcassets */,
				692AAA8619A34C8C00224C4D /* Supporting Files */,
			);
			path = BrewMobile;
			sourceTree = "<group>";
		};
		692AAA8619A34C8C00224C4D /* Supporting Files */ = {
			isa = PBXGroup;
			children = (
				692AAA8719A34C8C00224C4D /* Info.plist */,
			);
			name = "Supporting Files";
			sourceTree = "<group>";
		};
		692AAA9819A34C8C00224C4D /* BrewMobileTests */ = {
			isa = PBXGroup;
			children = (
				69A1102519CB38B900108B46 /* BrewPhaseTestCase.swift */,
				69A1102C19CB596700108B46 /* BrewStateTestCase.swift */,
				69EC2A8C19CC3439008108D8 /* ContentParserTestCase.swift */,
				692AAA9919A34C8C00224C4D /* Supporting Files */,
			);
			path = BrewMobileTests;
			sourceTree = "<group>";
		};
		692AAA9919A34C8C00224C4D /* Supporting Files */ = {
			isa = PBXGroup;
			children = (
				692AAA9A19A34C8C00224C4D /* Info.plist */,
			);
			name = "Supporting Files";
			sourceTree = "<group>";
		};
		F3641B66629A474A89086F3F /* Frameworks */ = {
			isa = PBXGroup;
			children = (
				0213ADCA1A57DC440010F9E1 /* LlamaKit.framework */,
				0213ADBC1A57DB480010F9E1 /* ISO8601.framework */,
				0213ADBD1A57DB480010F9E1 /* ReactiveCocoa.framework */,
				0213ADBE1A57DB480010F9E1 /* SocketIOFramework.framework */,
				0213ADBF1A57DB480010F9E1 /* SwiftyJSON.framework */,
				020EF0E71A5721F60044E0FD /* ReactiveCocoa.framework */,
				02284A251A53FAD400B8CBD2 /* SwiftyJSON.swift */,
				02BE3AE41A5303A300366800 /* SwiftyJSON.framework */,
				027E31E01A52EA4100802098 /* ISO8601.framework */,
				027E31E11A52EA4100802098 /* SocketIOFramework.framework */,
			);
			name = Frameworks;
			sourceTree = "<group>";
		};
/* End PBXGroup section */

/* Begin PBXNativeTarget section */
		692AAA8219A34C8C00224C4D /* BrewMobile */ = {
			isa = PBXNativeTarget;
			buildConfigurationList = 692AAA9F19A34C8C00224C4D /* Build configuration list for PBXNativeTarget "BrewMobile" */;
			buildPhases = (
				692AAA7F19A34C8C00224C4D /* Sources */,
				692AAA8019A34C8C00224C4D /* Frameworks */,
				692AAA8119A34C8C00224C4D /* Resources */,
				027E31821A52B7A700802098 /* ShellScript */,
				027E31E61A52EA4100802098 /* Embed Frameworks */,
				02F090541A702B760008EEA9 /* Simulator run script */,
			);
			buildRules = (
			);
			dependencies = (
			);
			name = BrewMobile;
			productName = BrewMobile;
			productReference = 692AAA8319A34C8C00224C4D /* BrewMobile.app */;
			productType = "com.apple.product-type.application";
		};
		692AAA9419A34C8C00224C4D /* BrewMobileTests */ = {
			isa = PBXNativeTarget;
			buildConfigurationList = 692AAAA219A34C8C00224C4D /* Build configuration list for PBXNativeTarget "BrewMobileTests" */;
			buildPhases = (
				692AAA9119A34C8C00224C4D /* Sources */,
				692AAA9219A34C8C00224C4D /* Frameworks */,
				692AAA9319A34C8C00224C4D /* Resources */,
			);
			buildRules = (
			);
			dependencies = (
				692AAA9719A34C8C00224C4D /* PBXTargetDependency */,
			);
			name = BrewMobileTests;
			productName = BrewMobileTests;
			productReference = 692AAA9519A34C8C00224C4D /* BrewMobileTests.xctest */;
			productType = "com.apple.product-type.bundle.unit-test";
		};
/* End PBXNativeTarget section */

/* Begin PBXProject section */
		692AAA7B19A34C8C00224C4D /* Project object */ = {
			isa = PBXProject;
			attributes = {
				LastUpgradeCheck = 0600;
				ORGANIZATIONNAME = "Ágnes Vásárhelyi";
				TargetAttributes = {
					692AAA8219A34C8C00224C4D = {
						CreatedOnToolsVersion = 6.0;
					};
					692AAA9419A34C8C00224C4D = {
						CreatedOnToolsVersion = 6.0;
						TestTargetID = 692AAA8219A34C8C00224C4D;
					};
				};
			};
			buildConfigurationList = 692AAA7E19A34C8C00224C4D /* Build configuration list for PBXProject "BrewMobile" */;
			compatibilityVersion = "Xcode 3.2";
			developmentRegion = English;
			hasScannedForEncodings = 0;
			knownRegions = (
				en,
				Base,
			);
			mainGroup = 692AAA7A19A34C8B00224C4D;
			productRefGroup = 692AAA8419A34C8C00224C4D /* Products */;
			projectDirPath = "";
			projectRoot = "";
			targets = (
				692AAA8219A34C8C00224C4D /* BrewMobile */,
				692AAA9419A34C8C00224C4D /* BrewMobileTests */,
			);
		};
/* End PBXProject section */

/* Begin PBXResourcesBuildPhase section */
		692AAA8119A34C8C00224C4D /* Resources */ = {
			isa = PBXResourcesBuildPhase;
			buildActionMask = 2147483647;
			files = (
				0213ADDE1A59380B0010F9E1 /* PhaseCell.xib in Resources */,
				0213ADDC1A5937A90010F9E1 /* BrewNewPhaseViewController.xib in Resources */,
				0213ADD81A5937730010F9E1 /* BrewViewController.xib in Resources */,
				0213ADE01A5938350010F9E1 /* BrewCell.xib in Resources */,
				692AAA9019A34C8C00224C4D /* Images.xcassets in Resources */,
				0213ADDA1A5937930010F9E1 /* BrewDesignerViewController.xib in Resources */,
			);
			runOnlyForDeploymentPostprocessing = 0;
		};
		692AAA9319A34C8C00224C4D /* Resources */ = {
			isa = PBXResourcesBuildPhase;
			buildActionMask = 2147483647;
			files = (
			);
			runOnlyForDeploymentPostprocessing = 0;
		};
/* End PBXResourcesBuildPhase section */

/* Begin PBXShellScriptBuildPhase section */
		027E31821A52B7A700802098 /* ShellScript */ = {
			isa = PBXShellScriptBuildPhase;
			buildActionMask = 8;
			files = (
			);
			inputPaths = (
				"$(SRCROOT)/Carthage/Build/iOS/SocketIOFramework.framework",
				"$(SRCROOT)/Carthage/Build/iOS/ISO8601.framework",
				"$(SRCROOT)/Carthage/Build/iOS/ReactiveCocoa.framework",
				"$(SRCROOT)/Carthage/Build/iOS/LlamaKit.framework",
				"$(SRCROOT)/Carthage/Build/iOS/SwiftyJSON.framework",
			);
			outputPaths = (
			);
			runOnlyForDeploymentPostprocessing = 1;
			shellPath = /bin/sh;
			shellScript = "/usr/local/bin/carthage copy-frameworks";
		};
		02F090541A702B760008EEA9 /* Simulator run script */ = {
			isa = PBXShellScriptBuildPhase;
			buildActionMask = 2147483647;
			files = (
			);
			inputPaths = (
			);
			name = "Simulator run script";
			outputPaths = (
			);
			runOnlyForDeploymentPostprocessing = 0;
			shellPath = /bin/sh;
			shellScript = "#signing app wihout valid code signing identity for simulator-only usage\n\nif [[ $GCC_PREPROCESSOR_DEFINITIONS =~ \"SIMULATOR_ONLY=1\" ]]; then\n    codesign --deep -f -s - \"${BUILT_PRODUCTS_DIR}/${PRODUCT_NAME}.app\"\nfi\n";
		};
/* End PBXShellScriptBuildPhase section */

/* Begin PBXSourcesBuildPhase section */
		692AAA7F19A34C8C00224C4D /* Sources */ = {
			isa = PBXSourcesBuildPhase;
			buildActionMask = 2147483647;
			files = (
				0213ADE21A5940DC0010F9E1 /* BrewCell.swift in Sources */,
				692AAA8B19A34C8C00224C4D /* BrewViewController.swift in Sources */,
				692AAA8919A34C8C00224C4D /* AppDelegate.swift in Sources */,
				0213ADD21A57E6EB0010F9E1 /* BrewManager.swift in Sources */,
				0289A9521A62B0FF00BD2601 /* RAC.swift in Sources */,
				0289A9541A62B0FF00BD2601 /* RACObserve.swift in Sources */,
				02284A261A53FAD400B8CBD2 /* SwiftyJSON.swift in Sources */,
				69DAECB819C5A83500933A62 /* BrewState.swift in Sources */,
				69DAECBA19C5A84400933A62 /* BrewPhase.swift in Sources */,
				0213ADE41A597F980010F9E1 /* PhaseCell.swift in Sources */,
				690197A71A0D4FA4003DB4B9 /* BrewDesignerViewController.swift in Sources */,
				0213ADD61A5922890010F9E1 /* BrewViewModel.swift in Sources */,
				0289A94C1A626C2600BD2601 /* ContentParser.swift in Sources */,
				690197AB1A0E10F2003DB4B9 /* BrewNewPhaseViewController.swift in Sources */,
			);
			runOnlyForDeploymentPostprocessing = 0;
		};
		692AAA9119A34C8C00224C4D /* Sources */ = {
			isa = PBXSourcesBuildPhase;
			buildActionMask = 2147483647;
			files = (
				69A1102719CB392D00108B46 /* BrewState.swift in Sources */,
				69EC2A8D19CC3439008108D8 /* ContentParserTestCase.swift in Sources */,
				0289A9531A62B0FF00BD2601 /* RAC.swift in Sources */,
				02284A271A53FAD400B8CBD2 /* SwiftyJSON.swift in Sources */,
				0289A94D1A626C2600BD2601 /* ContentParser.swift in Sources */,
				69A1102619CB38B900108B46 /* BrewPhaseTestCase.swift in Sources */,
				69A1102819CB392D00108B46 /* BrewPhase.swift in Sources */,
				0289A9551A62B0FF00BD2601 /* RACObserve.swift in Sources */,
				69A1102D19CB596700108B46 /* BrewStateTestCase.swift in Sources */,
			);
			runOnlyForDeploymentPostprocessing = 0;
		};
/* End PBXSourcesBuildPhase section */

/* Begin PBXTargetDependency section */
		692AAA9719A34C8C00224C4D /* PBXTargetDependency */ = {
			isa = PBXTargetDependency;
			target = 692AAA8219A34C8C00224C4D /* BrewMobile */;
			targetProxy = 692AAA9619A34C8C00224C4D /* PBXContainerItemProxy */;
		};
/* End PBXTargetDependency section */

/* Begin XCBuildConfiguration section */
		692AAA9D19A34C8C00224C4D /* Debug */ = {
			isa = XCBuildConfiguration;
			buildSettings = {
				ALWAYS_SEARCH_USER_PATHS = NO;
				CLANG_CXX_LANGUAGE_STANDARD = "gnu++0x";
				CLANG_CXX_LIBRARY = "libc++";
				CLANG_ENABLE_MODULES = YES;
				CLANG_ENABLE_OBJC_ARC = YES;
				CLANG_WARN_BOOL_CONVERSION = YES;
				CLANG_WARN_CONSTANT_CONVERSION = YES;
				CLANG_WARN_DIRECT_OBJC_ISA_USAGE = YES_ERROR;
				CLANG_WARN_EMPTY_BODY = YES;
				CLANG_WARN_ENUM_CONVERSION = YES;
				CLANG_WARN_INT_CONVERSION = YES;
				CLANG_WARN_OBJC_ROOT_CLASS = YES_ERROR;
				CLANG_WARN_UNREACHABLE_CODE = YES;
				CLANG_WARN__DUPLICATE_METHOD_MATCH = YES;
				"CODE_SIGN_IDENTITY[sdk=iphoneos*]" = "iPhone Developer";
				COPY_PHASE_STRIP = NO;
				ENABLE_STRICT_OBJC_MSGSEND = YES;
				GCC_C_LANGUAGE_STANDARD = gnu99;
				GCC_DYNAMIC_NO_PIC = NO;
				GCC_OPTIMIZATION_LEVEL = 0;
				GCC_PREPROCESSOR_DEFINITIONS = (
					"DEBUG=1",
					"$(inherited)",
					"SIMULATOR_ONLY=0",
				);
				GCC_SYMBOLS_PRIVATE_EXTERN = NO;
				GCC_WARN_64_TO_32_BIT_CONVERSION = YES;
				GCC_WARN_ABOUT_RETURN_TYPE = YES_ERROR;
				GCC_WARN_UNDECLARED_SELECTOR = YES;
				GCC_WARN_UNINITIALIZED_AUTOS = YES_AGGRESSIVE;
				GCC_WARN_UNUSED_FUNCTION = YES;
				GCC_WARN_UNUSED_VARIABLE = YES;
				IPHONEOS_DEPLOYMENT_TARGET = 8.0;
				MTL_ENABLE_DEBUG_INFO = YES;
				ONLY_ACTIVE_ARCH = YES;
				SDKROOT = iphoneos;
				SWIFT_OPTIMIZATION_LEVEL = "-Onone";
			};
			name = Debug;
		};
		692AAA9E19A34C8C00224C4D /* Release */ = {
			isa = XCBuildConfiguration;
			buildSettings = {
				ALWAYS_SEARCH_USER_PATHS = NO;
				CLANG_CXX_LANGUAGE_STANDARD = "gnu++0x";
				CLANG_CXX_LIBRARY = "libc++";
				CLANG_ENABLE_MODULES = YES;
				CLANG_ENABLE_OBJC_ARC = YES;
				CLANG_WARN_BOOL_CONVERSION = YES;
				CLANG_WARN_CONSTANT_CONVERSION = YES;
				CLANG_WARN_DIRECT_OBJC_ISA_USAGE = YES_ERROR;
				CLANG_WARN_EMPTY_BODY = YES;
				CLANG_WARN_ENUM_CONVERSION = YES;
				CLANG_WARN_INT_CONVERSION = YES;
				CLANG_WARN_OBJC_ROOT_CLASS = YES_ERROR;
				CLANG_WARN_UNREACHABLE_CODE = YES;
				CLANG_WARN__DUPLICATE_METHOD_MATCH = YES;
				"CODE_SIGN_IDENTITY[sdk=iphoneos*]" = "iPhone Developer";
				COPY_PHASE_STRIP = YES;
				ENABLE_NS_ASSERTIONS = NO;
				ENABLE_STRICT_OBJC_MSGSEND = YES;
				GCC_C_LANGUAGE_STANDARD = gnu99;
				GCC_WARN_64_TO_32_BIT_CONVERSION = YES;
				GCC_WARN_ABOUT_RETURN_TYPE = YES_ERROR;
				GCC_WARN_UNDECLARED_SELECTOR = YES;
				GCC_WARN_UNINITIALIZED_AUTOS = YES_AGGRESSIVE;
				GCC_WARN_UNUSED_FUNCTION = YES;
				GCC_WARN_UNUSED_VARIABLE = YES;
				IPHONEOS_DEPLOYMENT_TARGET = 8.0;
				MTL_ENABLE_DEBUG_INFO = NO;
				SDKROOT = iphoneos;
				VALIDATE_PRODUCT = YES;
			};
			name = Release;
		};
		692AAAA019A34C8C00224C4D /* Debug */ = {
			isa = XCBuildConfiguration;
			buildSettings = {
				ASSETCATALOG_COMPILER_APPICON_NAME = AppIcon;
				ASSETCATALOG_COMPILER_LAUNCHIMAGE_NAME = LaunchImage;
				FRAMEWORK_SEARCH_PATHS = (
					"$(inherited)",
					"$(PROJECT_DIR)/Carthage/Build/iOS",
				);
				INFOPLIST_FILE = BrewMobile/Info.plist;
				LD_RUNPATH_SEARCH_PATHS = "$(inherited) @executable_path/Frameworks";
				PRODUCT_NAME = "$(TARGET_NAME)";
			};
			name = Debug;
		};
		692AAAA119A34C8C00224C4D /* Release */ = {
			isa = XCBuildConfiguration;
			buildSettings = {
				ASSETCATALOG_COMPILER_APPICON_NAME = AppIcon;
				ASSETCATALOG_COMPILER_LAUNCHIMAGE_NAME = LaunchImage;
				FRAMEWORK_SEARCH_PATHS = (
					"$(inherited)",
					"$(PROJECT_DIR)/Carthage/Build/iOS",
				);
				INFOPLIST_FILE = BrewMobile/Info.plist;
				LD_RUNPATH_SEARCH_PATHS = "$(inherited) @executable_path/Frameworks";
				PRODUCT_NAME = "$(TARGET_NAME)";
			};
			name = Release;
		};
		692AAAA319A34C8C00224C4D /* Debug */ = {
			isa = XCBuildConfiguration;
			buildSettings = {
				BUNDLE_LOADER = "$(BUILT_PRODUCTS_DIR)/BrewMobile.app/BrewMobile";
				FRAMEWORK_SEARCH_PATHS = (
					"$(SDKROOT)/Developer/Library/Frameworks",
					"$(inherited)",
					"$(PROJECT_DIR)/Carthage/Build/iOS",
				);
				GCC_PREPROCESSOR_DEFINITIONS = (
					"DEBUG=1",
					"$(inherited)",
				);
				HEADER_SEARCH_PATHS = (
					"$(inherited)",
					/Applications/Xcode.app/Contents/Developer/Toolchains/XcodeDefault.xctoolchain/usr/include,
				);
				INFOPLIST_FILE = BrewMobileTests/Info.plist;
				LD_RUNPATH_SEARCH_PATHS = "$(inherited) @executable_path/Frameworks @loader_path/Frameworks";
				PRODUCT_NAME = "$(TARGET_NAME)";
				TEST_HOST = "$(BUNDLE_LOADER)";
			};
			name = Debug;
		};
		692AAAA419A34C8C00224C4D /* Release */ = {
			isa = XCBuildConfiguration;
			buildSettings = {
				BUNDLE_LOADER = "$(BUILT_PRODUCTS_DIR)/BrewMobile.app/BrewMobile";
				FRAMEWORK_SEARCH_PATHS = (
					"$(SDKROOT)/Developer/Library/Frameworks",
					"$(inherited)",
					"$(PROJECT_DIR)/Carthage/Build/iOS",
				);
				HEADER_SEARCH_PATHS = (
					"$(inherited)",
					/Applications/Xcode.app/Contents/Developer/Toolchains/XcodeDefault.xctoolchain/usr/include,
				);
				INFOPLIST_FILE = BrewMobileTests/Info.plist;
				LD_RUNPATH_SEARCH_PATHS = "$(inherited) @executable_path/Frameworks @loader_path/Frameworks";
				PRODUCT_NAME = "$(TARGET_NAME)";
				TEST_HOST = "$(BUNDLE_LOADER)";
			};
			name = Release;
		};
/* End XCBuildConfiguration section */

/* Begin XCConfigurationList section */
		692AAA7E19A34C8C00224C4D /* Build configuration list for PBXProject "BrewMobile" */ = {
			isa = XCConfigurationList;
			buildConfigurations = (
				692AAA9D19A34C8C00224C4D /* Debug */,
				692AAA9E19A34C8C00224C4D /* Release */,
			);
			defaultConfigurationIsVisible = 0;
			defaultConfigurationName = Release;
		};
		692AAA9F19A34C8C00224C4D /* Build configuration list for PBXNativeTarget "BrewMobile" */ = {
			isa = XCConfigurationList;
			buildConfigurations = (
				692AAAA019A34C8C00224C4D /* Debug */,
				692AAAA119A34C8C00224C4D /* Release */,
			);
			defaultConfigurationIsVisible = 0;
			defaultConfigurationName = Release;
		};
		692AAAA219A34C8C00224C4D /* Build configuration list for PBXNativeTarget "BrewMobileTests" */ = {
			isa = XCConfigurationList;
			buildConfigurations = (
				692AAAA319A34C8C00224C4D /* Debug */,
				692AAAA419A34C8C00224C4D /* Release */,
			);
			defaultConfigurationIsVisible = 0;
			defaultConfigurationName = Release;
		};
/* End XCConfigurationList section */
	};
	rootObject = 692AAA7B19A34C8C00224C4D /* Project object */;
}
