// !$*UTF8*$!
{
	archiveVersion = 1;
	classes = {
	};
	objectVersion = 46;
	objects = {

/* Begin PBXBuildFile section */
		0213ADD21A57E6EB0010F9E1 /* BrewManager.swift in Sources */ = {isa = PBXBuildFile; fileRef = 0213ADD11A57E6EB0010F9E1 /* BrewManager.swift */; };
		0289A94C1A626C2600BD2601 /* ContentParser.swift in Sources */ = {isa = PBXBuildFile; fileRef = 0289A94B1A626C2600BD2601 /* ContentParser.swift */; };
		0289A94D1A626C2600BD2601 /* ContentParser.swift in Sources */ = {isa = PBXBuildFile; fileRef = 0289A94B1A626C2600BD2601 /* ContentParser.swift */; };
		0289A9521A62B0FF00BD2601 /* RAC.swift in Sources */ = {isa = PBXBuildFile; fileRef = 0289A94F1A62B0FF00BD2601 /* RAC.swift */; };
		0289A9531A62B0FF00BD2601 /* RAC.swift in Sources */ = {isa = PBXBuildFile; fileRef = 0289A94F1A62B0FF00BD2601 /* RAC.swift */; };
		02BDD66B1AA19BE100E44DC3 /* BrewCell.swift in Sources */ = {isa = PBXBuildFile; fileRef = 02BDD6611AA19BE100E44DC3 /* BrewCell.swift */; };
		02BDD66C1AA19BE100E44DC3 /* BrewCell.swift in Sources */ = {isa = PBXBuildFile; fileRef = 02BDD6611AA19BE100E44DC3 /* BrewCell.swift */; };
		02BDD66D1AA19BE100E44DC3 /* BrewCell.xib in Resources */ = {isa = PBXBuildFile; fileRef = 02BDD6621AA19BE100E44DC3 /* BrewCell.xib */; };
		02BDD66E1AA19BE100E44DC3 /* BrewCell.xib in Resources */ = {isa = PBXBuildFile; fileRef = 02BDD6621AA19BE100E44DC3 /* BrewCell.xib */; };
		02BDD66F1AA19BE100E44DC3 /* BrewDesignerViewController.swift in Sources */ = {isa = PBXBuildFile; fileRef = 02BDD6631AA19BE100E44DC3 /* BrewDesignerViewController.swift */; };
		02BDD6701AA19BE100E44DC3 /* BrewDesignerViewController.swift in Sources */ = {isa = PBXBuildFile; fileRef = 02BDD6631AA19BE100E44DC3 /* BrewDesignerViewController.swift */; };
		02BDD6711AA19BE100E44DC3 /* BrewDesignerViewController.xib in Resources */ = {isa = PBXBuildFile; fileRef = 02BDD6641AA19BE100E44DC3 /* BrewDesignerViewController.xib */; };
		02BDD6721AA19BE100E44DC3 /* BrewDesignerViewController.xib in Resources */ = {isa = PBXBuildFile; fileRef = 02BDD6641AA19BE100E44DC3 /* BrewDesignerViewController.xib */; };
		02BDD6731AA19BE100E44DC3 /* BrewNewPhaseViewController.swift in Sources */ = {isa = PBXBuildFile; fileRef = 02BDD6651AA19BE100E44DC3 /* BrewNewPhaseViewController.swift */; };
		02BDD6741AA19BE100E44DC3 /* BrewNewPhaseViewController.swift in Sources */ = {isa = PBXBuildFile; fileRef = 02BDD6651AA19BE100E44DC3 /* BrewNewPhaseViewController.swift */; };
		02BDD6751AA19BE100E44DC3 /* BrewNewPhaseViewController.xib in Resources */ = {isa = PBXBuildFile; fileRef = 02BDD6661AA19BE100E44DC3 /* BrewNewPhaseViewController.xib */; };
		02BDD6761AA19BE100E44DC3 /* BrewNewPhaseViewController.xib in Resources */ = {isa = PBXBuildFile; fileRef = 02BDD6661AA19BE100E44DC3 /* BrewNewPhaseViewController.xib */; };
		02BDD6771AA19BE100E44DC3 /* BrewViewController.swift in Sources */ = {isa = PBXBuildFile; fileRef = 02BDD6671AA19BE100E44DC3 /* BrewViewController.swift */; };
		02BDD6781AA19BE100E44DC3 /* BrewViewController.swift in Sources */ = {isa = PBXBuildFile; fileRef = 02BDD6671AA19BE100E44DC3 /* BrewViewController.swift */; };
		02BDD6791AA19BE100E44DC3 /* BrewViewController.xib in Resources */ = {isa = PBXBuildFile; fileRef = 02BDD6681AA19BE100E44DC3 /* BrewViewController.xib */; };
		02BDD67A1AA19BE100E44DC3 /* BrewViewController.xib in Resources */ = {isa = PBXBuildFile; fileRef = 02BDD6681AA19BE100E44DC3 /* BrewViewController.xib */; };
		02BDD67B1AA19BE100E44DC3 /* PhaseCell.swift in Sources */ = {isa = PBXBuildFile; fileRef = 02BDD6691AA19BE100E44DC3 /* PhaseCell.swift */; };
		02BDD67C1AA19BE100E44DC3 /* PhaseCell.swift in Sources */ = {isa = PBXBuildFile; fileRef = 02BDD6691AA19BE100E44DC3 /* PhaseCell.swift */; };
		02BDD67D1AA19BE100E44DC3 /* PhaseCell.xib in Resources */ = {isa = PBXBuildFile; fileRef = 02BDD66A1AA19BE100E44DC3 /* PhaseCell.xib */; };
		02BDD67E1AA19BE100E44DC3 /* PhaseCell.xib in Resources */ = {isa = PBXBuildFile; fileRef = 02BDD66A1AA19BE100E44DC3 /* PhaseCell.xib */; };
		02BDD6841AA19C3800E44DC3 /* BrewPhase.swift in Sources */ = {isa = PBXBuildFile; fileRef = 02BDD6801AA19C3800E44DC3 /* BrewPhase.swift */; };
		02BDD6851AA19C3800E44DC3 /* BrewPhase.swift in Sources */ = {isa = PBXBuildFile; fileRef = 02BDD6801AA19C3800E44DC3 /* BrewPhase.swift */; };
		02BDD6861AA19C3800E44DC3 /* BrewState.swift in Sources */ = {isa = PBXBuildFile; fileRef = 02BDD6811AA19C3800E44DC3 /* BrewState.swift */; };
		02BDD6871AA19C3800E44DC3 /* BrewState.swift in Sources */ = {isa = PBXBuildFile; fileRef = 02BDD6811AA19C3800E44DC3 /* BrewState.swift */; };
		02BDD6881AA19C3800E44DC3 /* BrewViewModel.swift in Sources */ = {isa = PBXBuildFile; fileRef = 02BDD6831AA19C3800E44DC3 /* BrewViewModel.swift */; };
		02BDD6891AA19C3800E44DC3 /* BrewViewModel.swift in Sources */ = {isa = PBXBuildFile; fileRef = 02BDD6831AA19C3800E44DC3 /* BrewViewModel.swift */; };
		02BDD68A1AA19C6200E44DC3 /* BrewManager.swift in Sources */ = {isa = PBXBuildFile; fileRef = 0213ADD11A57E6EB0010F9E1 /* BrewManager.swift */; };
		02BDD68C1AA2FF6700E44DC3 /* BrewDesignerViewModel.swift in Sources */ = {isa = PBXBuildFile; fileRef = 02BDD68B1AA2FF6700E44DC3 /* BrewDesignerViewModel.swift */; };
		02BDD68D1AA2FF6700E44DC3 /* BrewDesignerViewModel.swift in Sources */ = {isa = PBXBuildFile; fileRef = 02BDD68B1AA2FF6700E44DC3 /* BrewDesignerViewModel.swift */; };
		02C058BE1B652990001AC3C1 /* ISO8601.framework in Frameworks */ = {isa = PBXBuildFile; fileRef = 02C058B91B652990001AC3C1 /* ISO8601.framework */; };
		02C058BF1B652990001AC3C1 /* ReactiveCocoa.framework in Frameworks */ = {isa = PBXBuildFile; fileRef = 02C058BA1B652990001AC3C1 /* ReactiveCocoa.framework */; };
		02C058C01B652990001AC3C1 /* Result.framework in Frameworks */ = {isa = PBXBuildFile; fileRef = 02C058BB1B652990001AC3C1 /* Result.framework */; };
		02C058C11B652990001AC3C1 /* SocketIOFramework.framework in Frameworks */ = {isa = PBXBuildFile; fileRef = 02C058BC1B652990001AC3C1 /* SocketIOFramework.framework */; };
		02C058C21B652990001AC3C1 /* SwiftyJSON.framework in Frameworks */ = {isa = PBXBuildFile; fileRef = 02C058BD1B652990001AC3C1 /* SwiftyJSON.framework */; };
		02C058C31B6529F7001AC3C1 /* ISO8601.framework in Embed Frameworks */ = {isa = PBXBuildFile; fileRef = 02C058B91B652990001AC3C1 /* ISO8601.framework */; settings = {ATTRIBUTES = (CodeSignOnCopy, RemoveHeadersOnCopy, ); }; };
		02C058C41B6529F7001AC3C1 /* ReactiveCocoa.framework in Embed Frameworks */ = {isa = PBXBuildFile; fileRef = 02C058BA1B652990001AC3C1 /* ReactiveCocoa.framework */; settings = {ATTRIBUTES = (CodeSignOnCopy, RemoveHeadersOnCopy, ); }; };
		02C058C51B6529F7001AC3C1 /* Result.framework in Embed Frameworks */ = {isa = PBXBuildFile; fileRef = 02C058BB1B652990001AC3C1 /* Result.framework */; settings = {ATTRIBUTES = (CodeSignOnCopy, RemoveHeadersOnCopy, ); }; };
		02C058C61B6529F7001AC3C1 /* SocketIOFramework.framework in Embed Frameworks */ = {isa = PBXBuildFile; fileRef = 02C058BC1B652990001AC3C1 /* SocketIOFramework.framework */; settings = {ATTRIBUTES = (CodeSignOnCopy, RemoveHeadersOnCopy, ); }; };
		02C058C71B6529F7001AC3C1 /* SwiftyJSON.framework in Embed Frameworks */ = {isa = PBXBuildFile; fileRef = 02C058BD1B652990001AC3C1 /* SwiftyJSON.framework */; settings = {ATTRIBUTES = (CodeSignOnCopy, RemoveHeadersOnCopy, ); }; };
		692AAA8919A34C8C00224C4D /* AppDelegate.swift in Sources */ = {isa = PBXBuildFile; fileRef = 692AAA8819A34C8C00224C4D /* AppDelegate.swift */; };
		692AAA9019A34C8C00224C4D /* Images.xcassets in Resources */ = {isa = PBXBuildFile; fileRef = 692AAA8F19A34C8C00224C4D /* Images.xcassets */; };
		69A1102619CB38B900108B46 /* BrewPhaseTestCase.swift in Sources */ = {isa = PBXBuildFile; fileRef = 69A1102519CB38B900108B46 /* BrewPhaseTestCase.swift */; };
		69A1102D19CB596700108B46 /* BrewStateTestCase.swift in Sources */ = {isa = PBXBuildFile; fileRef = 69A1102C19CB596700108B46 /* BrewStateTestCase.swift */; };
		69EC2A8D19CC3439008108D8 /* ContentParserTestCase.swift in Sources */ = {isa = PBXBuildFile; fileRef = 69EC2A8C19CC3439008108D8 /* ContentParserTestCase.swift */; };
/* End PBXBuildFile section */

/* Begin PBXContainerItemProxy section */
		692AAA9619A34C8C00224C4D /* PBXContainerItemProxy */ = {
			isa = PBXContainerItemProxy;
			containerPortal = 692AAA7B19A34C8C00224C4D /* Project object */;
			proxyType = 1;
			remoteGlobalIDString = 692AAA8219A34C8C00224C4D;
			remoteInfo = BrewMobile;
		};
/* End PBXContainerItemProxy section */

/* Begin PBXCopyFilesBuildPhase section */
		0213ADC81A57DB480010F9E1 /* Embed Frameworks */ = {
			isa = PBXCopyFilesBuildPhase;
			buildActionMask = 2147483647;
			dstPath = "";
			dstSubfolderSpec = 10;
			files = (
				02C058C31B6529F7001AC3C1 /* ISO8601.framework in Embed Frameworks */,
				02C058C41B6529F7001AC3C1 /* ReactiveCocoa.framework in Embed Frameworks */,
				02C058C51B6529F7001AC3C1 /* Result.framework in Embed Frameworks */,
				02C058C61B6529F7001AC3C1 /* SocketIOFramework.framework in Embed Frameworks */,
				02C058C71B6529F7001AC3C1 /* SwiftyJSON.framework in Embed Frameworks */,
			);
			name = "Embed Frameworks";
			runOnlyForDeploymentPostprocessing = 0;
		};
/* End PBXCopyFilesBuildPhase section */

/* Begin PBXFileReference section */
		0213ADD11A57E6EB0010F9E1 /* BrewManager.swift */ = {isa = PBXFileReference; fileEncoding = 4; lastKnownFileType = sourcecode.swift; path = BrewManager.swift; sourceTree = "<group>"; };
		0289A94B1A626C2600BD2601 /* ContentParser.swift */ = {isa = PBXFileReference; fileEncoding = 4; lastKnownFileType = sourcecode.swift; path = ContentParser.swift; sourceTree = "<group>"; };
		0289A94F1A62B0FF00BD2601 /* RAC.swift */ = {isa = PBXFileReference; fileEncoding = 4; lastKnownFileType = sourcecode.swift; path = RAC.swift; sourceTree = "<group>"; };
		02BDD6611AA19BE100E44DC3 /* BrewCell.swift */ = {isa = PBXFileReference; fileEncoding = 4; lastKnownFileType = sourcecode.swift; path = BrewCell.swift; sourceTree = "<group>"; };
		02BDD6621AA19BE100E44DC3 /* BrewCell.xib */ = {isa = PBXFileReference; fileEncoding = 4; lastKnownFileType = file.xib; path = BrewCell.xib; sourceTree = "<group>"; };
		02BDD6631AA19BE100E44DC3 /* BrewDesignerViewController.swift */ = {isa = PBXFileReference; fileEncoding = 4; lastKnownFileType = sourcecode.swift; path = BrewDesignerViewController.swift; sourceTree = "<group>"; };
		02BDD6641AA19BE100E44DC3 /* BrewDesignerViewController.xib */ = {isa = PBXFileReference; fileEncoding = 4; lastKnownFileType = file.xib; path = BrewDesignerViewController.xib; sourceTree = "<group>"; };
		02BDD6651AA19BE100E44DC3 /* BrewNewPhaseViewController.swift */ = {isa = PBXFileReference; fileEncoding = 4; lastKnownFileType = sourcecode.swift; path = BrewNewPhaseViewController.swift; sourceTree = "<group>"; };
		02BDD6661AA19BE100E44DC3 /* BrewNewPhaseViewController.xib */ = {isa = PBXFileReference; fileEncoding = 4; lastKnownFileType = file.xib; path = BrewNewPhaseViewController.xib; sourceTree = "<group>"; };
		02BDD6671AA19BE100E44DC3 /* BrewViewController.swift */ = {isa = PBXFileReference; fileEncoding = 4; lastKnownFileType = sourcecode.swift; path = BrewViewController.swift; sourceTree = "<group>"; };
		02BDD6681AA19BE100E44DC3 /* BrewViewController.xib */ = {isa = PBXFileReference; fileEncoding = 4; lastKnownFileType = file.xib; path = BrewViewController.xib; sourceTree = "<group>"; };
		02BDD6691AA19BE100E44DC3 /* PhaseCell.swift */ = {isa = PBXFileReference; fileEncoding = 4; lastKnownFileType = sourcecode.swift; path = PhaseCell.swift; sourceTree = "<group>"; };
		02BDD66A1AA19BE100E44DC3 /* PhaseCell.xib */ = {isa = PBXFileReference; fileEncoding = 4; lastKnownFileType = file.xib; path = PhaseCell.xib; sourceTree = "<group>"; };
		02BDD6801AA19C3800E44DC3 /* BrewPhase.swift */ = {isa = PBXFileReference; fileEncoding = 4; lastKnownFileType = sourcecode.swift; path = BrewPhase.swift; sourceTree = "<group>"; };
		02BDD6811AA19C3800E44DC3 /* BrewState.swift */ = {isa = PBXFileReference; fileEncoding = 4; lastKnownFileType = sourcecode.swift; path = BrewState.swift; sourceTree = "<group>"; };
		02BDD6831AA19C3800E44DC3 /* BrewViewModel.swift */ = {isa = PBXFileReference; fileEncoding = 4; lastKnownFileType = sourcecode.swift; path = BrewViewModel.swift; sourceTree = "<group>"; };
		02BDD68B1AA2FF6700E44DC3 /* BrewDesignerViewModel.swift */ = {isa = PBXFileReference; fileEncoding = 4; lastKnownFileType = sourcecode.swift; path = BrewDesignerViewModel.swift; sourceTree = "<group>"; };
		02C058B91B652990001AC3C1 /* ISO8601.framework */ = {isa = PBXFileReference; lastKnownFileType = wrapper.framework; name = ISO8601.framework; path = Carthage/Build/iOS/ISO8601.framework; sourceTree = "<group>"; };
		02C058BA1B652990001AC3C1 /* ReactiveCocoa.framework */ = {isa = PBXFileReference; lastKnownFileType = wrapper.framework; name = ReactiveCocoa.framework; path = Carthage/Build/iOS/ReactiveCocoa.framework; sourceTree = "<group>"; };
		02C058BB1B652990001AC3C1 /* Result.framework */ = {isa = PBXFileReference; lastKnownFileType = wrapper.framework; name = Result.framework; path = Carthage/Build/iOS/Result.framework; sourceTree = "<group>"; };
		02C058BC1B652990001AC3C1 /* SocketIOFramework.framework */ = {isa = PBXFileReference; lastKnownFileType = wrapper.framework; name = SocketIOFramework.framework; path = Carthage/Build/iOS/SocketIOFramework.framework; sourceTree = "<group>"; };
		02C058BD1B652990001AC3C1 /* SwiftyJSON.framework */ = {isa = PBXFileReference; lastKnownFileType = wrapper.framework; name = SwiftyJSON.framework; path = Carthage/Build/iOS/SwiftyJSON.framework; sourceTree = "<group>"; };
		692AAA8319A34C8C00224C4D /* BrewMobile.app */ = {isa = PBXFileReference; explicitFileType = wrapper.application; includeInIndex = 0; path = BrewMobile.app; sourceTree = BUILT_PRODUCTS_DIR; };
		692AAA8719A34C8C00224C4D /* Info.plist */ = {isa = PBXFileReference; lastKnownFileType = text.plist.xml; path = Info.plist; sourceTree = "<group>"; };
		692AAA8819A34C8C00224C4D /* AppDelegate.swift */ = {isa = PBXFileReference; lastKnownFileType = sourcecode.swift; path = AppDelegate.swift; sourceTree = "<group>"; };
		692AAA8F19A34C8C00224C4D /* Images.xcassets */ = {isa = PBXFileReference; lastKnownFileType = folder.assetcatalog; path = Images.xcassets; sourceTree = "<group>"; };
		692AAA9519A34C8C00224C4D /* BrewMobileTests.xctest */ = {isa = PBXFileReference; explicitFileType = wrapper.cfbundle; includeInIndex = 0; path = BrewMobileTests.xctest; sourceTree = BUILT_PRODUCTS_DIR; };
		692AAA9A19A34C8C00224C4D /* Info.plist */ = {isa = PBXFileReference; lastKnownFileType = text.plist.xml; path = Info.plist; sourceTree = "<group>"; };
		69A1102519CB38B900108B46 /* BrewPhaseTestCase.swift */ = {isa = PBXFileReference; fileEncoding = 4; lastKnownFileType = sourcecode.swift; path = BrewPhaseTestCase.swift; sourceTree = "<group>"; };
		69A1102C19CB596700108B46 /* BrewStateTestCase.swift */ = {isa = PBXFileReference; fileEncoding = 4; lastKnownFileType = sourcecode.swift; path = BrewStateTestCase.swift; sourceTree = "<group>"; };
		69EC2A8C19CC3439008108D8 /* ContentParserTestCase.swift */ = {isa = PBXFileReference; fileEncoding = 4; lastKnownFileType = sourcecode.swift; path = ContentParserTestCase.swift; sourceTree = "<group>"; };
/* End PBXFileReference section */

/* Begin PBXFrameworksBuildPhase section */
		692AAA8019A34C8C00224C4D /* Frameworks */ = {
			isa = PBXFrameworksBuildPhase;
			buildActionMask = 2147483647;
			files = (
				02C058C01B652990001AC3C1 /* Result.framework in Frameworks */,
				02C058BE1B652990001AC3C1 /* ISO8601.framework in Frameworks */,
				02C058C11B652990001AC3C1 /* SocketIOFramework.framework in Frameworks */,
				02C058BF1B652990001AC3C1 /* ReactiveCocoa.framework in Frameworks */,
				02C058C21B652990001AC3C1 /* SwiftyJSON.framework in Frameworks */,
			);
			runOnlyForDeploymentPostprocessing = 0;
		};
		692AAA9219A34C8C00224C4D /* Frameworks */ = {
			isa = PBXFrameworksBuildPhase;
			buildActionMask = 2147483647;
			files = (
			);
			runOnlyForDeploymentPostprocessing = 0;
		};
/* End PBXFrameworksBuildPhase section */

/* Begin PBXGroup section */
		0289A94A1A626C0C00BD2601 /* Helpers */ = {
			isa = PBXGroup;
			children = (
				0289A94B1A626C2600BD2601 /* ContentParser.swift */,
			);
			name = Helpers;
			sourceTree = "<group>";
		};
		0289A94E1A62B0FF00BD2601 /* RACUtils */ = {
			isa = PBXGroup;
			children = (
				0289A94F1A62B0FF00BD2601 /* RAC.swift */,
			);
			path = RACUtils;
			sourceTree = "<group>";
		};
		02BDD6601AA19BE100E44DC3 /* View */ = {
			isa = PBXGroup;
			children = (
				02BDD6611AA19BE100E44DC3 /* BrewCell.swift */,
				02BDD6621AA19BE100E44DC3 /* BrewCell.xib */,
				02BDD6631AA19BE100E44DC3 /* BrewDesignerViewController.swift */,
				02BDD6641AA19BE100E44DC3 /* BrewDesignerViewController.xib */,
				02BDD6651AA19BE100E44DC3 /* BrewNewPhaseViewController.swift */,
				02BDD6661AA19BE100E44DC3 /* BrewNewPhaseViewController.xib */,
				02BDD6671AA19BE100E44DC3 /* BrewViewController.swift */,
				02BDD6681AA19BE100E44DC3 /* BrewViewController.xib */,
				02BDD6691AA19BE100E44DC3 /* PhaseCell.swift */,
				02BDD66A1AA19BE100E44DC3 /* PhaseCell.xib */,
			);
			path = View;
			sourceTree = "<group>";
		};
		02BDD67F1AA19C3800E44DC3 /* Model */ = {
			isa = PBXGroup;
			children = (
				02BDD6801AA19C3800E44DC3 /* BrewPhase.swift */,
				02BDD6811AA19C3800E44DC3 /* BrewState.swift */,
			);
			path = Model;
			sourceTree = "<group>";
		};
		02BDD6821AA19C3800E44DC3 /* ViewModel */ = {
			isa = PBXGroup;
			children = (
				02BDD6831AA19C3800E44DC3 /* BrewViewModel.swift */,
				02BDD68B1AA2FF6700E44DC3 /* BrewDesignerViewModel.swift */,
			);
			path = ViewModel;
			sourceTree = "<group>";
		};
		692AAA7A19A34C8B00224C4D = {
			isa = PBXGroup;
			children = (
				692AAA8519A34C8C00224C4D /* BrewMobile */,
				692AAA9819A34C8C00224C4D /* BrewMobileTests */,
				692AAA8419A34C8C00224C4D /* Products */,
				F3641B66629A474A89086F3F /* Frameworks */,
			);
			sourceTree = "<group>";
		};
		692AAA8419A34C8C00224C4D /* Products */ = {
			isa = PBXGroup;
			children = (
				692AAA8319A34C8C00224C4D /* BrewMobile.app */,
				692AAA9519A34C8C00224C4D /* BrewMobileTests.xctest */,
			);
			name = Products;
			sourceTree = "<group>";
		};
		692AAA8519A34C8C00224C4D /* BrewMobile */ = {
			isa = PBXGroup;
			children = (
				02BDD67F1AA19C3800E44DC3 /* Model */,
				02BDD6601AA19BE100E44DC3 /* View */,
				02BDD6821AA19C3800E44DC3 /* ViewModel */,
				0289A94A1A626C0C00BD2601 /* Helpers */,
				0289A94E1A62B0FF00BD2601 /* RACUtils */,
				0213ADD11A57E6EB0010F9E1 /* BrewManager.swift */,
				692AAA8819A34C8C00224C4D /* AppDelegate.swift */,
				692AAA8F19A34C8C00224C4D /* Images.xcassets */,
				692AAA8619A34C8C00224C4D /* Supporting Files */,
			);
			path = BrewMobile;
			sourceTree = "<group>";
		};
		692AAA8619A34C8C00224C4D /* Supporting Files */ = {
			isa = PBXGroup;
			children = (
				692AAA8719A34C8C00224C4D /* Info.plist */,
			);
			name = "Supporting Files";
			sourceTree = "<group>";
		};
		692AAA9819A34C8C00224C4D /* BrewMobileTests */ = {
			isa = PBXGroup;
			children = (
				69A1102519CB38B900108B46 /* BrewPhaseTestCase.swift */,
				69A1102C19CB596700108B46 /* BrewStateTestCase.swift */,
				69EC2A8C19CC3439008108D8 /* ContentParserTestCase.swift */,
				692AAA9919A34C8C00224C4D /* Supporting Files */,
			);
			path = BrewMobileTests;
			sourceTree = "<group>";
		};
		692AAA9919A34C8C00224C4D /* Supporting Files */ = {
			isa = PBXGroup;
			children = (
				692AAA9A19A34C8C00224C4D /* Info.plist */,
			);
			name = "Supporting Files";
			sourceTree = "<group>";
		};
		F3641B66629A474A89086F3F /* Frameworks */ = {
			isa = PBXGroup;
			children = (
				02C058B91B652990001AC3C1 /* ISO8601.framework */,
				02C058BA1B652990001AC3C1 /* ReactiveCocoa.framework */,
				02C058BB1B652990001AC3C1 /* Result.framework */,
				02C058BC1B652990001AC3C1 /* SocketIOFramework.framework */,
				02C058BD1B652990001AC3C1 /* SwiftyJSON.framework */,
			);
			name = Frameworks;
			sourceTree = "<group>";
		};
/* End PBXGroup section */

/* Begin PBXNativeTarget section */
		692AAA8219A34C8C00224C4D /* BrewMobile */ = {
			isa = PBXNativeTarget;
			buildConfigurationList = 692AAA9F19A34C8C00224C4D /* Build configuration list for PBXNativeTarget "BrewMobile" */;
			buildPhases = (
				692AAA7F19A34C8C00224C4D /* Sources */,
				692AAA8019A34C8C00224C4D /* Frameworks */,
				692AAA8119A34C8C00224C4D /* Resources */,
				027E31821A52B7A700802098 /* ShellScript */,
				0213ADC81A57DB480010F9E1 /* Embed Frameworks */,
			);
			buildRules = (
			);
			dependencies = (
			);
			name = BrewMobile;
			productName = BrewMobile;
			productReference = 692AAA8319A34C8C00224C4D /* BrewMobile.app */;
			productType = "com.apple.product-type.application";
		};
		692AAA9419A34C8C00224C4D /* BrewMobileTests */ = {
			isa = PBXNativeTarget;
			buildConfigurationList = 692AAAA219A34C8C00224C4D /* Build configuration list for PBXNativeTarget "BrewMobileTests" */;
			buildPhases = (
				692AAA9119A34C8C00224C4D /* Sources */,
				692AAA9219A34C8C00224C4D /* Frameworks */,
				692AAA9319A34C8C00224C4D /* Resources */,
			);
			buildRules = (
			);
			dependencies = (
				692AAA9719A34C8C00224C4D /* PBXTargetDependency */,
			);
			name = BrewMobileTests;
			productName = BrewMobileTests;
			productReference = 692AAA9519A34C8C00224C4D /* BrewMobileTests.xctest */;
			productType = "com.apple.product-type.bundle.unit-test";
		};
/* End PBXNativeTarget section */

/* Begin PBXProject section */
		692AAA7B19A34C8C00224C4D /* Project object */ = {
			isa = PBXProject;
			attributes = {
				LastSwiftMigration = 0700;
				LastSwiftUpdateCheck = 0700;
				LastUpgradeCheck = 0700;
				ORGANIZATIONNAME = "Ágnes Vásárhelyi";
				TargetAttributes = {
					692AAA8219A34C8C00224C4D = {
						CreatedOnToolsVersion = 6.0;
					};
					692AAA9419A34C8C00224C4D = {
						CreatedOnToolsVersion = 6.0;
						TestTargetID = 692AAA8219A34C8C00224C4D;
					};
				};
			};
			buildConfigurationList = 692AAA7E19A34C8C00224C4D /* Build configuration list for PBXProject "BrewMobile" */;
			compatibilityVersion = "Xcode 3.2";
			developmentRegion = English;
			hasScannedForEncodings = 0;
			knownRegions = (
				en,
				Base,
			);
			mainGroup = 692AAA7A19A34C8B00224C4D;
			productRefGroup = 692AAA8419A34C8C00224C4D /* Products */;
			projectDirPath = "";
			projectRoot = "";
			targets = (
				692AAA8219A34C8C00224C4D /* BrewMobile */,
				692AAA9419A34C8C00224C4D /* BrewMobileTests */,
			);
		};
/* End PBXProject section */

/* Begin PBXResourcesBuildPhase section */
		692AAA8119A34C8C00224C4D /* Resources */ = {
			isa = PBXResourcesBuildPhase;
			buildActionMask = 2147483647;
			files = (
				02BDD6791AA19BE100E44DC3 /* BrewViewController.xib in Resources */,
				02BDD6711AA19BE100E44DC3 /* BrewDesignerViewController.xib in Resources */,
				02BDD6751AA19BE100E44DC3 /* BrewNewPhaseViewController.xib in Resources */,
				02BDD67D1AA19BE100E44DC3 /* PhaseCell.xib in Resources */,
				692AAA9019A34C8C00224C4D /* Images.xcassets in Resources */,
				02BDD66D1AA19BE100E44DC3 /* BrewCell.xib in Resources */,
			);
			runOnlyForDeploymentPostprocessing = 0;
		};
		692AAA9319A34C8C00224C4D /* Resources */ = {
			isa = PBXResourcesBuildPhase;
			buildActionMask = 2147483647;
			files = (
				02BDD67E1AA19BE100E44DC3 /* PhaseCell.xib in Resources */,
				02BDD66E1AA19BE100E44DC3 /* BrewCell.xib in Resources */,
				02BDD6761AA19BE100E44DC3 /* BrewNewPhaseViewController.xib in Resources */,
				02BDD67A1AA19BE100E44DC3 /* BrewViewController.xib in Resources */,
				02BDD6721AA19BE100E44DC3 /* BrewDesignerViewController.xib in Resources */,
			);
			runOnlyForDeploymentPostprocessing = 0;
		};
/* End PBXResourcesBuildPhase section */

/* Begin PBXShellScriptBuildPhase section */
		027E31821A52B7A700802098 /* ShellScript */ = {
			isa = PBXShellScriptBuildPhase;
			buildActionMask = 8;
			files = (
			);
			inputPaths = (
				"$(SRCROOT)/Carthage/Build/iOS/SocketIOFramework.framework",
				"$(SRCROOT)/Carthage/Build/iOS/ISO8601.framework",
				"$(SRCROOT)/Carthage/Build/iOS/ReactiveCocoa.framework",
				"$(SRCROOT)/Carthage/Build/iOS/Result.framework",
				"$(SRCROOT)/Carthage/Build/iOS/SwiftyJSON.framework",
				"$(SRCROOT)/Carthage/Build/iOS/Box.framework",
			);
			outputPaths = (
			);
			runOnlyForDeploymentPostprocessing = 1;
			shellPath = /bin/sh;
			shellScript = "/usr/local/bin/carthage copy-frameworks";
		};
/* End PBXShellScriptBuildPhase section */

/* Begin PBXSourcesBuildPhase section */
		692AAA7F19A34C8C00224C4D /* Sources */ = {
			isa = PBXSourcesBuildPhase;
			buildActionMask = 2147483647;
			files = (
				692AAA8919A34C8C00224C4D /* AppDelegate.swift in Sources */,
				02BDD68C1AA2FF6700E44DC3 /* BrewDesignerViewModel.swift in Sources */,
				02BDD66B1AA19BE100E44DC3 /* BrewCell.swift in Sources */,
				02BDD6731AA19BE100E44DC3 /* BrewNewPhaseViewController.swift in Sources */,
				02BDD67B1AA19BE100E44DC3 /* PhaseCell.swift in Sources */,
				02BDD6881AA19C3800E44DC3 /* BrewViewModel.swift in Sources */,
				02BDD6771AA19BE100E44DC3 /* BrewViewController.swift in Sources */,
				0213ADD21A57E6EB0010F9E1 /* BrewManager.swift in Sources */,
				0289A9521A62B0FF00BD2601 /* RAC.swift in Sources */,
				02BDD66F1AA19BE100E44DC3 /* BrewDesignerViewController.swift in Sources */,
				02BDD6861AA19C3800E44DC3 /* BrewState.swift in Sources */,
				0289A94C1A626C2600BD2601 /* ContentParser.swift in Sources */,
				02BDD6841AA19C3800E44DC3 /* BrewPhase.swift in Sources */,
			);
			runOnlyForDeploymentPostprocessing = 0;
		};
		692AAA9119A34C8C00224C4D /* Sources */ = {
			isa = PBXSourcesBuildPhase;
			buildActionMask = 2147483647;
			files = (
				02BDD66C1AA19BE100E44DC3 /* BrewCell.swift in Sources */,
				02BDD6741AA19BE100E44DC3 /* BrewNewPhaseViewController.swift in Sources */,
				02BDD67C1AA19BE100E44DC3 /* PhaseCell.swift in Sources */,
				02BDD6781AA19BE100E44DC3 /* BrewViewController.swift in Sources */,
				69EC2A8D19CC3439008108D8 /* ContentParserTestCase.swift in Sources */,
				0289A9531A62B0FF00BD2601 /* RAC.swift in Sources */,
				02BDD68A1AA19C6200E44DC3 /* BrewManager.swift in Sources */,
				02BDD6701AA19BE100E44DC3 /* BrewDesignerViewController.swift in Sources */,
				02BDD6891AA19C3800E44DC3 /* BrewViewModel.swift in Sources */,
				0289A94D1A626C2600BD2601 /* ContentParser.swift in Sources */,
				02BDD6871AA19C3800E44DC3 /* BrewState.swift in Sources */,
				69A1102619CB38B900108B46 /* BrewPhaseTestCase.swift in Sources */,
				02BDD6851AA19C3800E44DC3 /* BrewPhase.swift in Sources */,
				02BDD68D1AA2FF6700E44DC3 /* BrewDesignerViewModel.swift in Sources */,
				69A1102D19CB596700108B46 /* BrewStateTestCase.swift in Sources */,
			);
			runOnlyForDeploymentPostprocessing = 0;
		};
/* End PBXSourcesBuildPhase section */

/* Begin PBXTargetDependency section */
		692AAA9719A34C8C00224C4D /* PBXTargetDependency */ = {
			isa = PBXTargetDependency;
			target = 692AAA8219A34C8C00224C4D /* BrewMobile */;
			targetProxy = 692AAA9619A34C8C00224C4D /* PBXContainerItemProxy */;
		};
/* End PBXTargetDependency section */

/* Begin XCBuildConfiguration section */
		692AAA9D19A34C8C00224C4D /* Debug */ = {
			isa = XCBuildConfiguration;
			buildSettings = {
				ALWAYS_SEARCH_USER_PATHS = NO;
				CLANG_CXX_LANGUAGE_STANDARD = "gnu++0x";
				CLANG_CXX_LIBRARY = "libc++";
				CLANG_ENABLE_MODULES = YES;
				CLANG_ENABLE_OBJC_ARC = YES;
				CLANG_WARN_BOOL_CONVERSION = YES;
				CLANG_WARN_CONSTANT_CONVERSION = YES;
				CLANG_WARN_DIRECT_OBJC_ISA_USAGE = YES_ERROR;
				CLANG_WARN_EMPTY_BODY = YES;
				CLANG_WARN_ENUM_CONVERSION = YES;
				CLANG_WARN_INT_CONVERSION = YES;
				CLANG_WARN_OBJC_ROOT_CLASS = YES_ERROR;
				CLANG_WARN_UNREACHABLE_CODE = YES;
				CLANG_WARN__DUPLICATE_METHOD_MATCH = YES;
				CODE_SIGN_IDENTITY = "iPhone Developer";
				"CODE_SIGN_IDENTITY[sdk=iphoneos*]" = "iPhone Developer";
				COPY_PHASE_STRIP = NO;
				ENABLE_STRICT_OBJC_MSGSEND = YES;
				ENABLE_TESTABILITY = YES;
				GCC_C_LANGUAGE_STANDARD = gnu99;
				GCC_DYNAMIC_NO_PIC = NO;
				GCC_OPTIMIZATION_LEVEL = 0;
				GCC_PREPROCESSOR_DEFINITIONS = (
					"DEBUG=1",
					"$(inherited)",
				);
				GCC_SYMBOLS_PRIVATE_EXTERN = NO;
				GCC_WARN_64_TO_32_BIT_CONVERSION = YES;
				GCC_WARN_ABOUT_RETURN_TYPE = YES_ERROR;
				GCC_WARN_UNDECLARED_SELECTOR = YES;
				GCC_WARN_UNINITIALIZED_AUTOS = YES_AGGRESSIVE;
				GCC_WARN_UNUSED_FUNCTION = YES;
				GCC_WARN_UNUSED_VARIABLE = YES;
				IPHONEOS_DEPLOYMENT_TARGET = 8.0;
				MTL_ENABLE_DEBUG_INFO = YES;
				ONLY_ACTIVE_ARCH = YES;
				SDKROOT = iphoneos;
				SWIFT_OPTIMIZATION_LEVEL = "-Onone";
			};
			name = Debug;
		};
		692AAA9E19A34C8C00224C4D /* Release */ = {
			isa = XCBuildConfiguration;
			buildSettings = {
				ALWAYS_SEARCH_USER_PATHS = NO;
				CLANG_CXX_LANGUAGE_STANDARD = "gnu++0x";
				CLANG_CXX_LIBRARY = "libc++";
				CLANG_ENABLE_MODULES = YES;
				CLANG_ENABLE_OBJC_ARC = YES;
				CLANG_WARN_BOOL_CONVERSION = YES;
				CLANG_WARN_CONSTANT_CONVERSION = YES;
				CLANG_WARN_DIRECT_OBJC_ISA_USAGE = YES_ERROR;
				CLANG_WARN_EMPTY_BODY = YES;
				CLANG_WARN_ENUM_CONVERSION = YES;
				CLANG_WARN_INT_CONVERSION = YES;
				CLANG_WARN_OBJC_ROOT_CLASS = YES_ERROR;
				CLANG_WARN_UNREACHABLE_CODE = YES;
				CLANG_WARN__DUPLICATE_METHOD_MATCH = YES;
				CODE_SIGN_IDENTITY = "iPhone Developer";
				"CODE_SIGN_IDENTITY[sdk=iphoneos*]" = "iPhone Developer";
				COPY_PHASE_STRIP = YES;
				ENABLE_NS_ASSERTIONS = NO;
				ENABLE_STRICT_OBJC_MSGSEND = YES;
				GCC_C_LANGUAGE_STANDARD = gnu99;
				GCC_WARN_64_TO_32_BIT_CONVERSION = YES;
				GCC_WARN_ABOUT_RETURN_TYPE = YES_ERROR;
				GCC_WARN_UNDECLARED_SELECTOR = YES;
				GCC_WARN_UNINITIALIZED_AUTOS = YES_AGGRESSIVE;
				GCC_WARN_UNUSED_FUNCTION = YES;
				GCC_WARN_UNUSED_VARIABLE = YES;
				IPHONEOS_DEPLOYMENT_TARGET = 8.0;
				MTL_ENABLE_DEBUG_INFO = NO;
				SDKROOT = iphoneos;
				VALIDATE_PRODUCT = YES;
			};
			name = Release;
		};
		692AAAA019A34C8C00224C4D /* Debug */ = {
			isa = XCBuildConfiguration;
			buildSettings = {
				ASSETCATALOG_COMPILER_APPICON_NAME = AppIcon;
				ASSETCATALOG_COMPILER_LAUNCHIMAGE_NAME = LaunchImage;
				FRAMEWORK_SEARCH_PATHS = (
					"$(inherited)",
					"$(PROJECT_DIR)/Carthage/Build/iOS",
				);
				INFOPLIST_FILE = BrewMobile/Info.plist;
				IPHONEOS_DEPLOYMENT_TARGET = 8.1;
				LD_RUNPATH_SEARCH_PATHS = "$(inherited) @executable_path/Frameworks";
				PRODUCT_BUNDLE_IDENTIFIER = "com.brew.$(PRODUCT_NAME:rfc1034identifier)";
				PRODUCT_NAME = "$(TARGET_NAME)";
				TARGETED_DEVICE_FAMILY = 1;
			};
			name = Debug;
		};
		692AAAA119A34C8C00224C4D /* Release */ = {
			isa = XCBuildConfiguration;
			buildSettings = {
				ASSETCATALOG_COMPILER_APPICON_NAME = AppIcon;
				ASSETCATALOG_COMPILER_LAUNCHIMAGE_NAME = LaunchImage;
				FRAMEWORK_SEARCH_PATHS = (
					"$(inherited)",
					"$(PROJECT_DIR)/Carthage/Build/iOS",
				);
				INFOPLIST_FILE = BrewMobile/Info.plist;
				IPHONEOS_DEPLOYMENT_TARGET = 8.1;
				LD_RUNPATH_SEARCH_PATHS = "$(inherited) @executable_path/Frameworks";
				PRODUCT_BUNDLE_IDENTIFIER = "com.brew.$(PRODUCT_NAME:rfc1034identifier)";
				PRODUCT_NAME = "$(TARGET_NAME)";
				TARGETED_DEVICE_FAMILY = 1;
			};
			name = Release;
		};
		692AAAA319A34C8C00224C4D /* Debug */ = {
			isa = XCBuildConfiguration;
			buildSettings = {
				BUNDLE_LOADER = "$(BUILT_PRODUCTS_DIR)/BrewMobile.app/BrewMobile";
				FRAMEWORK_SEARCH_PATHS = (
					"$(SDKROOT)/Developer/Library/Frameworks",
					"$(inherited)",
					"$(PROJECT_DIR)/Carthage/Build/iOS",
				);
				GCC_PREPROCESSOR_DEFINITIONS = (
					"DEBUG=1",
					"$(inherited)",
				);
				HEADER_SEARCH_PATHS = (
					"$(inherited)",
					/Applications/Xcode.app/Contents/Developer/Toolchains/XcodeDefault.xctoolchain/usr/include,
				);
				INFOPLIST_FILE = BrewMobileTests/Info.plist;
				LD_RUNPATH_SEARCH_PATHS = "$(inherited) @executable_path/Frameworks @loader_path/Frameworks";
				PRODUCT_BUNDLE_IDENTIFIER = "com.brew.${PRODUCT_NAME:rfc1034identifier}";
				PRODUCT_NAME = "$(TARGET_NAME)";
				TEST_HOST = "$(BUNDLE_LOADER)";
			};
			name = Debug;
		};
		692AAAA419A34C8C00224C4D /* Release */ = {
			isa = XCBuildConfiguration;
			buildSettings = {
				BUNDLE_LOADER = "$(BUILT_PRODUCTS_DIR)/BrewMobile.app/BrewMobile";
				FRAMEWORK_SEARCH_PATHS = (
					"$(SDKROOT)/Developer/Library/Frameworks",
					"$(inherited)",
					"$(PROJECT_DIR)/Carthage/Build/iOS",
				);
				HEADER_SEARCH_PATHS = (
					"$(inherited)",
					/Applications/Xcode.app/Contents/Developer/Toolchains/XcodeDefault.xctoolchain/usr/include,
				);
				INFOPLIST_FILE = BrewMobileTests/Info.plist;
				LD_RUNPATH_SEARCH_PATHS = "$(inherited) @executable_path/Frameworks @loader_path/Frameworks";
				PRODUCT_BUNDLE_IDENTIFIER = "com.brew.${PRODUCT_NAME:rfc1034identifier}";
				PRODUCT_NAME = "$(TARGET_NAME)";
				TEST_HOST = "$(BUNDLE_LOADER)";
			};
			name = Release;
		};
/* End XCBuildConfiguration section */

/* Begin XCConfigurationList section */
		692AAA7E19A34C8C00224C4D /* Build configuration list for PBXProject "BrewMobile" */ = {
			isa = XCConfigurationList;
			buildConfigurations = (
				692AAA9D19A34C8C00224C4D /* Debug */,
				692AAA9E19A34C8C00224C4D /* Release */,
			);
			defaultConfigurationIsVisible = 0;
			defaultConfigurationName = Release;
		};
		692AAA9F19A34C8C00224C4D /* Build configuration list for PBXNativeTarget "BrewMobile" */ = {
			isa = XCConfigurationList;
			buildConfigurations = (
				692AAAA019A34C8C00224C4D /* Debug */,
				692AAAA119A34C8C00224C4D /* Release */,
			);
			defaultConfigurationIsVisible = 0;
			defaultConfigurationName = Release;
		};
		692AAAA219A34C8C00224C4D /* Build configuration list for PBXNativeTarget "BrewMobileTests" */ = {
			isa = XCConfigurationList;
			buildConfigurations = (
				692AAAA319A34C8C00224C4D /* Debug */,
				692AAAA419A34C8C00224C4D /* Release */,
			);
			defaultConfigurationIsVisible = 0;
			defaultConfigurationName = Release;
		};
/* End XCConfigurationList section */
	};
	rootObject = 692AAA7B19A34C8C00224C4D /* Project object */;
}
