// !$*UTF8*$!
{
	archiveVersion = 1;
	classes = {
	};
	objectVersion = 46;
	objects = {

/* Begin PBXBuildFile section */
		5E7EEF7D5E3B49EF9766FBAC /* libPods.a in Frameworks */ = {isa = PBXBuildFile; fileRef = 6A5644DD31EE42708B45078B /* libPods.a */; };
		69FA08A5198BB01B009CD802 /* Foundation.framework in Frameworks */ = {isa = PBXBuildFile; fileRef = 69FA08A4198BB01B009CD802 /* Foundation.framework */; };
		69FA08A7198BB01B009CD802 /* CoreGraphics.framework in Frameworks */ = {isa = PBXBuildFile; fileRef = 69FA08A6198BB01B009CD802 /* CoreGraphics.framework */; };
		69FA08A9198BB01B009CD802 /* UIKit.framework in Frameworks */ = {isa = PBXBuildFile; fileRef = 69FA08A8198BB01B009CD802 /* UIKit.framework */; };
		69FA08AF198BB01B009CD802 /* InfoPlist.strings in Resources */ = {isa = PBXBuildFile; fileRef = 69FA08AD198BB01B009CD802 /* InfoPlist.strings */; };
		69FA08B1198BB01B009CD802 /* main.m in Sources */ = {isa = PBXBuildFile; fileRef = 69FA08B0198BB01B009CD802 /* main.m */; };
		69FA08B5198BB01B009CD802 /* AppDelegate.m in Sources */ = {isa = PBXBuildFile; fileRef = 69FA08B4198BB01B009CD802 /* AppDelegate.m */; };
		69FA08B8198BB01B009CD802 /* Main.storyboard in Resources */ = {isa = PBXBuildFile; fileRef = 69FA08B6198BB01B009CD802 /* Main.storyboard */; };
		69FA08BD198BB01B009CD802 /* Images.xcassets in Resources */ = {isa = PBXBuildFile; fileRef = 69FA08BC198BB01B009CD802 /* Images.xcassets */; };
		69FA08C4198BB01B009CD802 /* XCTest.framework in Frameworks */ = {isa = PBXBuildFile; fileRef = 69FA08C3198BB01B009CD802 /* XCTest.framework */; };
		69FA08C5198BB01B009CD802 /* Foundation.framework in Frameworks */ = {isa = PBXBuildFile; fileRef = 69FA08A4198BB01B009CD802 /* Foundation.framework */; };
		69FA08C6198BB01B009CD802 /* UIKit.framework in Frameworks */ = {isa = PBXBuildFile; fileRef = 69FA08A8198BB01B009CD802 /* UIKit.framework */; };
		69FA08CE198BB01B009CD802 /* InfoPlist.strings in Resources */ = {isa = PBXBuildFile; fileRef = 69FA08CC198BB01B009CD802 /* InfoPlist.strings */; };
		69FA08D0198BB01B009CD802 /* BrewAppTests.m in Sources */ = {isa = PBXBuildFile; fileRef = 69FA08CF198BB01B009CD802 /* BrewAppTests.m */; };
		69FA08DC198BC9CB009CD802 /* BrewViewController.m in Sources */ = {isa = PBXBuildFile; fileRef = 69FA08DB198BC9CB009CD802 /* BrewViewController.m */; };
/* End PBXBuildFile section */

/* Begin PBXContainerItemProxy section */
		69FA08C7198BB01B009CD802 /* PBXContainerItemProxy */ = {
			isa = PBXContainerItemProxy;
			containerPortal = 69FA0899198BB01B009CD802 /* Project object */;
			proxyType = 1;
			remoteGlobalIDString = 69FA08A0198BB01B009CD802;
			remoteInfo = BrewApp;
		};
/* End PBXContainerItemProxy section */

/* Begin PBXFileReference section */
		2BC82EC0B23747D0B82AF874 /* Pods.xcconfig */ = {isa = PBXFileReference; includeInIndex = 1; lastKnownFileType = text.xcconfig; name = Pods.xcconfig; path = Pods/Pods.xcconfig; sourceTree = "<group>"; };
		69FA08A1198BB01B009CD802 /* BrewApp.app */ = {isa = PBXFileReference; explicitFileType = wrapper.application; includeInIndex = 0; path = BrewApp.app; sourceTree = BUILT_PRODUCTS_DIR; };
		69FA08A4198BB01B009CD802 /* Foundation.framework */ = {isa = PBXFileReference; lastKnownFileType = wrapper.framework; name = Foundation.framework; path = System/Library/Frameworks/Foundation.framework; sourceTree = SDKROOT; };
		69FA08A6198BB01B009CD802 /* CoreGraphics.framework */ = {isa = PBXFileReference; lastKnownFileType = wrapper.framework; name = CoreGraphics.framework; path = System/Library/Frameworks/CoreGraphics.framework; sourceTree = SDKROOT; };
		69FA08A8198BB01B009CD802 /* UIKit.framework */ = {isa = PBXFileReference; lastKnownFileType = wrapper.framework; name = UIKit.framework; path = System/Library/Frameworks/UIKit.framework; sourceTree = SDKROOT; };
		69FA08AC198BB01B009CD802 /* BrewApp-Info.plist */ = {isa = PBXFileReference; lastKnownFileType = text.plist.xml; path = "BrewApp-Info.plist"; sourceTree = "<group>"; };
		69FA08AE198BB01B009CD802 /* en */ = {isa = PBXFileReference; lastKnownFileType = text.plist.strings; name = en; path = en.lproj/InfoPlist.strings; sourceTree = "<group>"; };
		69FA08B0198BB01B009CD802 /* main.m */ = {isa = PBXFileReference; lastKnownFileType = sourcecode.c.objc; path = main.m; sourceTree = "<group>"; };
		69FA08B2198BB01B009CD802 /* BrewApp-Prefix.pch */ = {isa = PBXFileReference; lastKnownFileType = sourcecode.c.h; path = "BrewApp-Prefix.pch"; sourceTree = "<group>"; };
		69FA08B3198BB01B009CD802 /* AppDelegate.h */ = {isa = PBXFileReference; lastKnownFileType = sourcecode.c.h; path = AppDelegate.h; sourceTree = "<group>"; };
		69FA08B4198BB01B009CD802 /* AppDelegate.m */ = {isa = PBXFileReference; lastKnownFileType = sourcecode.c.objc; path = AppDelegate.m; sourceTree = "<group>"; };
		69FA08B7198BB01B009CD802 /* Base */ = {isa = PBXFileReference; lastKnownFileType = file.storyboard; name = Base; path = Base.lproj/Main.storyboard; sourceTree = "<group>"; };
		69FA08BC198BB01B009CD802 /* Images.xcassets */ = {isa = PBXFileReference; lastKnownFileType = folder.assetcatalog; path = Images.xcassets; sourceTree = "<group>"; };
		69FA08C2198BB01B009CD802 /* BrewAppTests.xctest */ = {isa = PBXFileReference; explicitFileType = wrapper.cfbundle; includeInIndex = 0; path = BrewAppTests.xctest; sourceTree = BUILT_PRODUCTS_DIR; };
		69FA08C3198BB01B009CD802 /* XCTest.framework */ = {isa = PBXFileReference; lastKnownFileType = wrapper.framework; name = XCTest.framework; path = Library/Frameworks/XCTest.framework; sourceTree = DEVELOPER_DIR; };
		69FA08CB198BB01B009CD802 /* BrewAppTests-Info.plist */ = {isa = PBXFileReference; lastKnownFileType = text.plist.xml; path = "BrewAppTests-Info.plist"; sourceTree = "<group>"; };
		69FA08CD198BB01B009CD802 /* en */ = {isa = PBXFileReference; lastKnownFileType = text.plist.strings; name = en; path = en.lproj/InfoPlist.strings; sourceTree = "<group>"; };
		69FA08CF198BB01B009CD802 /* BrewAppTests.m */ = {isa = PBXFileReference; lastKnownFileType = sourcecode.c.objc; path = BrewAppTests.m; sourceTree = "<group>"; };
		69FA08DA198BC9CB009CD802 /* BrewViewController.h */ = {isa = PBXFileReference; fileEncoding = 4; lastKnownFileType = sourcecode.c.h; path = BrewViewController.h; sourceTree = "<group>"; };
		69FA08DB198BC9CB009CD802 /* BrewViewController.m */ = {isa = PBXFileReference; fileEncoding = 4; lastKnownFileType = sourcecode.c.objc; path = BrewViewController.m; sourceTree = "<group>"; };
		6A5644DD31EE42708B45078B /* libPods.a */ = {isa = PBXFileReference; explicitFileType = archive.ar; includeInIndex = 0; path = libPods.a; sourceTree = BUILT_PRODUCTS_DIR; };
/* End PBXFileReference section */

/* Begin PBXFrameworksBuildPhase section */
		69FA089E198BB01B009CD802 /* Frameworks */ = {
			isa = PBXFrameworksBuildPhase;
			buildActionMask = 2147483647;
			files = (
				69FA08A7198BB01B009CD802 /* CoreGraphics.framework in Frameworks */,
				69FA08A9198BB01B009CD802 /* UIKit.framework in Frameworks */,
				69FA08A5198BB01B009CD802 /* Foundation.framework in Frameworks */,
				5E7EEF7D5E3B49EF9766FBAC /* libPods.a in Frameworks */,
			);
			runOnlyForDeploymentPostprocessing = 0;
		};
		69FA08BF198BB01B009CD802 /* Frameworks */ = {
			isa = PBXFrameworksBuildPhase;
			buildActionMask = 2147483647;
			files = (
				69FA08C4198BB01B009CD802 /* XCTest.framework in Frameworks */,
				69FA08C6198BB01B009CD802 /* UIKit.framework in Frameworks */,
				69FA08C5198BB01B009CD802 /* Foundation.framework in Frameworks */,
			);
			runOnlyForDeploymentPostprocessing = 0;
		};
/* End PBXFrameworksBuildPhase section */

/* Begin PBXGroup section */
		69FA0898198BB01B009CD802 = {
			isa = PBXGroup;
			children = (
				69FA08AA198BB01B009CD802 /* BrewApp */,
				69FA08C9198BB01B009CD802 /* BrewAppTests */,
				69FA08A3198BB01B009CD802 /* Frameworks */,
				69FA08A2198BB01B009CD802 /* Products */,
				2BC82EC0B23747D0B82AF874 /* Pods.xcconfig */,
			);
			sourceTree = "<group>";
		};
		69FA08A2198BB01B009CD802 /* Products */ = {
			isa = PBXGroup;
			children = (
				69FA08A1198BB01B009CD802 /* BrewApp.app */,
				69FA08C2198BB01B009CD802 /* BrewAppTests.xctest */,
			);
			name = Products;
			sourceTree = "<group>";
		};
		69FA08A3198BB01B009CD802 /* Frameworks */ = {
			isa = PBXGroup;
			children = (
				69FA08A4198BB01B009CD802 /* Foundation.framework */,
				69FA08A6198BB01B009CD802 /* CoreGraphics.framework */,
				69FA08A8198BB01B009CD802 /* UIKit.framework */,
				69FA08C3198BB01B009CD802 /* XCTest.framework */,
				6A5644DD31EE42708B45078B /* libPods.a */,
			);
			name = Frameworks;
			sourceTree = "<group>";
		};
		69FA08AA198BB01B009CD802 /* BrewApp */ = {
			isa = PBXGroup;
			children = (
				69FA08B3198BB01B009CD802 /* AppDelegate.h */,
				69FA08B4198BB01B009CD802 /* AppDelegate.m */,
				69FA08D9198BC9CB009CD802 /* Controllers */,
				69FA08B6198BB01B009CD802 /* Main.storyboard */,
				69FA08BC198BB01B009CD802 /* Images.xcassets */,
				69FA08AB198BB01B009CD802 /* Supporting Files */,
			);
			path = BrewApp;
			sourceTree = "<group>";
		};
		69FA08AB198BB01B009CD802 /* Supporting Files */ = {
			isa = PBXGroup;
			children = (
				69FA08AC198BB01B009CD802 /* BrewApp-Info.plist */,
				69FA08AD198BB01B009CD802 /* InfoPlist.strings */,
				69FA08B0198BB01B009CD802 /* main.m */,
				69FA08B2198BB01B009CD802 /* BrewApp-Prefix.pch */,
			);
			name = "Supporting Files";
			sourceTree = "<group>";
		};
		69FA08C9198BB01B009CD802 /* BrewAppTests */ = {
			isa = PBXGroup;
			children = (
				69FA08CF198BB01B009CD802 /* BrewAppTests.m */,
				69FA08CA198BB01B009CD802 /* Supporting Files */,
			);
			path = BrewAppTests;
			sourceTree = "<group>";
		};
		69FA08CA198BB01B009CD802 /* Supporting Files */ = {
			isa = PBXGroup;
			children = (
				69FA08CB198BB01B009CD802 /* BrewAppTests-Info.plist */,
				69FA08CC198BB01B009CD802 /* InfoPlist.strings */,
			);
			name = "Supporting Files";
			sourceTree = "<group>";
		};
		69FA08D9198BC9CB009CD802 /* Controllers */ = {
			isa = PBXGroup;
			children = (
				69FA08DA198BC9CB009CD802 /* BrewViewController.h */,
				69FA08DB198BC9CB009CD802 /* BrewViewController.m */,
			);
			path = Controllers;
			sourceTree = "<group>";
		};
/* End PBXGroup section */

/* Begin PBXNativeTarget section */
		69FA08A0198BB01B009CD802 /* BrewApp */ = {
			isa = PBXNativeTarget;
			buildConfigurationList = 69FA08D3198BB01B009CD802 /* Build configuration list for PBXNativeTarget "BrewApp" */;
			buildPhases = (
				704FD312CD804B51BA02D54F /* Check Pods Manifest.lock */,
				69FA089D198BB01B009CD802 /* Sources */,
				69FA089E198BB01B009CD802 /* Frameworks */,
				69FA089F198BB01B009CD802 /* Resources */,
				D61E3A70902C4B318DCD385C /* Copy Pods Resources */,
			);
			buildRules = (
			);
			dependencies = (
			);
			name = BrewApp;
			productName = BrewApp;
			productReference = 69FA08A1198BB01B009CD802 /* BrewApp.app */;
			productType = "com.apple.product-type.application";
		};
		69FA08C1198BB01B009CD802 /* BrewAppTests */ = {
			isa = PBXNativeTarget;
			buildConfigurationList = 69FA08D6198BB01B009CD802 /* Build configuration list for PBXNativeTarget "BrewAppTests" */;
			buildPhases = (
				69FA08BE198BB01B009CD802 /* Sources */,
				69FA08BF198BB01B009CD802 /* Frameworks */,
				69FA08C0198BB01B009CD802 /* Resources */,
			);
			buildRules = (
			);
			dependencies = (
				69FA08C8198BB01B009CD802 /* PBXTargetDependency */,
			);
			name = BrewAppTests;
			productName = BrewAppTests;
			productReference = 69FA08C2198BB01B009CD802 /* BrewAppTests.xctest */;
			productType = "com.apple.product-type.bundle.unit-test";
		};
/* End PBXNativeTarget section */

/* Begin PBXProject section */
		69FA0899198BB01B009CD802 /* Project object */ = {
			isa = PBXProject;
			attributes = {
				LastUpgradeCheck = 0510;
				TargetAttributes = {
					69FA08C1198BB01B009CD802 = {
						TestTargetID = 69FA08A0198BB01B009CD802;
					};
				};
			};
			buildConfigurationList = 69FA089C198BB01B009CD802 /* Build configuration list for PBXProject "BrewApp" */;
			compatibilityVersion = "Xcode 3.2";
			developmentRegion = English;
			hasScannedForEncodings = 0;
			knownRegions = (
				en,
				Base,
			);
			mainGroup = 69FA0898198BB01B009CD802;
			productRefGroup = 69FA08A2198BB01B009CD802 /* Products */;
			projectDirPath = "";
			projectRoot = "";
			targets = (
				69FA08A0198BB01B009CD802 /* BrewApp */,
				69FA08C1198BB01B009CD802 /* BrewAppTests */,
			);
		};
/* End PBXProject section */

/* Begin PBXResourcesBuildPhase section */
		69FA089F198BB01B009CD802 /* Resources */ = {
			isa = PBXResourcesBuildPhase;
			buildActionMask = 2147483647;
			files = (
				69FA08BD198BB01B009CD802 /* Images.xcassets in Resources */,
				69FA08AF198BB01B009CD802 /* InfoPlist.strings in Resources */,
				69FA08B8198BB01B009CD802 /* Main.storyboard in Resources */,
			);
			runOnlyForDeploymentPostprocessing = 0;
		};
		69FA08C0198BB01B009CD802 /* Resources */ = {
			isa = PBXResourcesBuildPhase;
			buildActionMask = 2147483647;
			files = (
				69FA08CE198BB01B009CD802 /* InfoPlist.strings in Resources */,
			);
			runOnlyForDeploymentPostprocessing = 0;
		};
/* End PBXResourcesBuildPhase section */

/* Begin PBXShellScriptBuildPhase section */
		704FD312CD804B51BA02D54F /* Check Pods Manifest.lock */ = {
			isa = PBXShellScriptBuildPhase;
			buildActionMask = 2147483647;
			files = (
			);
			inputPaths = (
			);
			name = "Check Pods Manifest.lock";
			outputPaths = (
			);
			runOnlyForDeploymentPostprocessing = 0;
			shellPath = /bin/sh;
			shellScript = "diff \"${PODS_ROOT}/../Podfile.lock\" \"${PODS_ROOT}/Manifest.lock\" > /dev/null\nif [[ $? != 0 ]] ; then\n    cat << EOM\nerror: The sandbox is not in sync with the Podfile.lock. Run 'pod install' or update your CocoaPods installation.\nEOM\n    exit 1\nfi\n";
			showEnvVarsInLog = 0;
		};
		D61E3A70902C4B318DCD385C /* Copy Pods Resources */ = {
			isa = PBXShellScriptBuildPhase;
			buildActionMask = 2147483647;
			files = (
			);
			inputPaths = (
			);
			name = "Copy Pods Resources";
			outputPaths = (
			);
			runOnlyForDeploymentPostprocessing = 0;
			shellPath = /bin/sh;
			shellScript = "\"${SRCROOT}/Pods/Pods-resources.sh\"\n";
			showEnvVarsInLog = 0;
		};
/* End PBXShellScriptBuildPhase section */

/* Begin PBXSourcesBuildPhase section */
		69FA089D198BB01B009CD802 /* Sources */ = {
			isa = PBXSourcesBuildPhase;
			buildActionMask = 2147483647;
			files = (
				69FA08DC198BC9CB009CD802 /* BrewViewController.m in Sources */,
				69FA08B5198BB01B009CD802 /* AppDelegate.m in Sources */,
				69FA08B1198BB01B009CD802 /* main.m in Sources */,
			);
			runOnlyForDeploymentPostprocessing = 0;
		};
		69FA08BE198BB01B009CD802 /* Sources */ = {
			isa = PBXSourcesBuildPhase;
			buildActionMask = 2147483647;
			files = (
				69FA08D0198BB01B009CD802 /* BrewAppTests.m in Sources */,
			);
			runOnlyForDeploymentPostprocessing = 0;
		};
/* End PBXSourcesBuildPhase section */

/* Begin PBXTargetDependency section */
		69FA08C8198BB01B009CD802 /* PBXTargetDependency */ = {
			isa = PBXTargetDependency;
			target = 69FA08A0198BB01B009CD802 /* BrewApp */;
			targetProxy = 69FA08C7198BB01B009CD802 /* PBXContainerItemProxy */;
		};
/* End PBXTargetDependency section */

/* Begin PBXVariantGroup section */
		69FA08AD198BB01B009CD802 /* InfoPlist.strings */ = {
			isa = PBXVariantGroup;
			children = (
				69FA08AE198BB01B009CD802 /* en */,
			);
			name = InfoPlist.strings;
			sourceTree = "<group>";
		};
		69FA08B6198BB01B009CD802 /* Main.storyboard */ = {
			isa = PBXVariantGroup;
			children = (
				69FA08B7198BB01B009CD802 /* Base */,
			);
			name = Main.storyboard;
			sourceTree = "<group>";
		};
		69FA08CC198BB01B009CD802 /* InfoPlist.strings */ = {
			isa = PBXVariantGroup;
			children = (
				69FA08CD198BB01B009CD802 /* en */,
			);
			name = InfoPlist.strings;
			sourceTree = "<group>";
		};
/* End PBXVariantGroup section */

/* Begin XCBuildConfiguration section */
		69FA08D1198BB01B009CD802 /* Debug */ = {
			isa = XCBuildConfiguration;
			buildSettings = {
				ALWAYS_SEARCH_USER_PATHS = NO;
				CLANG_CXX_LANGUAGE_STANDARD = "gnu++0x";
				CLANG_CXX_LIBRARY = "libc++";
				CLANG_ENABLE_MODULES = YES;
				CLANG_ENABLE_OBJC_ARC = YES;
				CLANG_WARN_BOOL_CONVERSION = YES;
				CLANG_WARN_CONSTANT_CONVERSION = YES;
				CLANG_WARN_DIRECT_OBJC_ISA_USAGE = YES_ERROR;
				CLANG_WARN_EMPTY_BODY = YES;
				CLANG_WARN_ENUM_CONVERSION = YES;
				CLANG_WARN_INT_CONVERSION = YES;
				CLANG_WARN_OBJC_ROOT_CLASS = YES_ERROR;
				CLANG_WARN__DUPLICATE_METHOD_MATCH = YES;
				"CODE_SIGN_IDENTITY[sdk=iphoneos*]" = "iPhone Developer";
				COPY_PHASE_STRIP = NO;
				GCC_C_LANGUAGE_STANDARD = gnu99;
				GCC_DYNAMIC_NO_PIC = NO;
				GCC_OPTIMIZATION_LEVEL = 0;
				GCC_PREPROCESSOR_DEFINITIONS = (
					"DEBUG=1",
					"$(inherited)",
				);
				GCC_SYMBOLS_PRIVATE_EXTERN = NO;
				GCC_WARN_64_TO_32_BIT_CONVERSION = YES;
				GCC_WARN_ABOUT_RETURN_TYPE = YES_ERROR;
				GCC_WARN_UNDECLARED_SELECTOR = YES;
				GCC_WARN_UNINITIALIZED_AUTOS = YES_AGGRESSIVE;
				GCC_WARN_UNUSED_FUNCTION = YES;
				GCC_WARN_UNUSED_VARIABLE = YES;
				IPHONEOS_DEPLOYMENT_TARGET = 7.1;
				ONLY_ACTIVE_ARCH = YES;
				SDKROOT = iphoneos;
			};
			name = Debug;
		};
		69FA08D2198BB01B009CD802 /* Release */ = {
			isa = XCBuildConfiguration;
			buildSettings = {
				ALWAYS_SEARCH_USER_PATHS = NO;
				CLANG_CXX_LANGUAGE_STANDARD = "gnu++0x";
				CLANG_CXX_LIBRARY = "libc++";
				CLANG_ENABLE_MODULES = YES;
				CLANG_ENABLE_OBJC_ARC = YES;
				CLANG_WARN_BOOL_CONVERSION = YES;
				CLANG_WARN_CONSTANT_CONVERSION = YES;
				CLANG_WARN_DIRECT_OBJC_ISA_USAGE = YES_ERROR;
				CLANG_WARN_EMPTY_BODY = YES;
				CLANG_WARN_ENUM_CONVERSION = YES;
				CLANG_WARN_INT_CONVERSION = YES;
				CLANG_WARN_OBJC_ROOT_CLASS = YES_ERROR;
				CLANG_WARN__DUPLICATE_METHOD_MATCH = YES;
				"CODE_SIGN_IDENTITY[sdk=iphoneos*]" = "iPhone Developer";
				COPY_PHASE_STRIP = YES;
				ENABLE_NS_ASSERTIONS = NO;
				GCC_C_LANGUAGE_STANDARD = gnu99;
				GCC_WARN_64_TO_32_BIT_CONVERSION = YES;
				GCC_WARN_ABOUT_RETURN_TYPE = YES_ERROR;
				GCC_WARN_UNDECLARED_SELECTOR = YES;
				GCC_WARN_UNINITIALIZED_AUTOS = YES_AGGRESSIVE;
				GCC_WARN_UNUSED_FUNCTION = YES;
				GCC_WARN_UNUSED_VARIABLE = YES;
				IPHONEOS_DEPLOYMENT_TARGET = 7.1;
				SDKROOT = iphoneos;
				VALIDATE_PRODUCT = YES;
			};
			name = Release;
		};
		69FA08D4198BB01B009CD802 /* Debug */ = {
			isa = XCBuildConfiguration;
			baseConfigurationReference = 2BC82EC0B23747D0B82AF874 /* Pods.xcconfig */;
			buildSettings = {
				ASSETCATALOG_COMPILER_APPICON_NAME = AppIcon;
				ASSETCATALOG_COMPILER_LAUNCHIMAGE_NAME = LaunchImage;
				GCC_PRECOMPILE_PREFIX_HEADER = YES;
				GCC_PREFIX_HEADER = "BrewApp/BrewApp-Prefix.pch";
				INFOPLIST_FILE = "BrewApp/BrewApp-Info.plist";
				PRODUCT_NAME = "$(TARGET_NAME)";
				WRAPPER_EXTENSION = app;
			};
			name = Debug;
		};
		69FA08D5198BB01B009CD802 /* Release */ = {
			isa = XCBuildConfiguration;
			baseConfigurationReference = 2BC82EC0B23747D0B82AF874 /* Pods.xcconfig */;
			buildSettings = {
				ASSETCATALOG_COMPILER_APPICON_NAME = AppIcon;
				ASSETCATALOG_COMPILER_LAUNCHIMAGE_NAME = LaunchImage;
				GCC_PRECOMPILE_PREFIX_HEADER = YES;
				GCC_PREFIX_HEADER = "BrewApp/BrewApp-Prefix.pch";
				INFOPLIST_FILE = "BrewApp/BrewApp-Info.plist";
				PRODUCT_NAME = "$(TARGET_NAME)";
				WRAPPER_EXTENSION = app;
			};
			name = Release;
		};
		69FA08D7198BB01B009CD802 /* Debug */ = {
			isa = XCBuildConfiguration;
			buildSettings = {
				BUNDLE_LOADER = "$(BUILT_PRODUCTS_DIR)/BrewApp.app/BrewApp";
				FRAMEWORK_SEARCH_PATHS = (
					"$(SDKROOT)/Developer/Library/Frameworks",
					"$(inherited)",
					"$(DEVELOPER_FRAMEWORKS_DIR)",
				);
				GCC_PRECOMPILE_PREFIX_HEADER = YES;
				GCC_PREFIX_HEADER = "BrewApp/BrewApp-Prefix.pch";
				GCC_PREPROCESSOR_DEFINITIONS = (
					"DEBUG=1",
					"$(inherited)",
				);
				INFOPLIST_FILE = "BrewAppTests/BrewAppTests-Info.plist";
				PRODUCT_NAME = "$(TARGET_NAME)";
				TEST_HOST = "$(BUNDLE_LOADER)";
				WRAPPER_EXTENSION = xctest;
			};
			name = Debug;
		};
		69FA08D8198BB01B009CD802 /* Release */ = {
			isa = XCBuildConfiguration;
			buildSettings = {
				BUNDLE_LOADER = "$(BUILT_PRODUCTS_DIR)/BrewApp.app/BrewApp";
				FRAMEWORK_SEARCH_PATHS = (
					"$(SDKROOT)/Developer/Library/Frameworks",
					"$(inherited)",
					"$(DEVELOPER_FRAMEWORKS_DIR)",
				);
				GCC_PRECOMPILE_PREFIX_HEADER = YES;
				GCC_PREFIX_HEADER = "BrewApp/BrewApp-Prefix.pch";
				INFOPLIST_FILE = "BrewAppTests/BrewAppTests-Info.plist";
				PRODUCT_NAME = "$(TARGET_NAME)";
				TEST_HOST = "$(BUNDLE_LOADER)";
				WRAPPER_EXTENSION = xctest;
			};
			name = Release;
		};
/* End XCBuildConfiguration section */

/* Begin XCConfigurationList section */
		69FA089C198BB01B009CD802 /* Build configuration list for PBXProject "BrewApp" */ = {
			isa = XCConfigurationList;
			buildConfigurations = (
				69FA08D1198BB01B009CD802 /* Debug */,
				69FA08D2198BB01B009CD802 /* Release */,
			);
			defaultConfigurationIsVisible = 0;
			defaultConfigurationName = Release;
		};
		69FA08D3198BB01B009CD802 /* Build configuration list for PBXNativeTarget "BrewApp" */ = {
			isa = XCConfigurationList;
			buildConfigurations = (
				69FA08D4198BB01B009CD802 /* Debug */,
				69FA08D5198BB01B009CD802 /* Release */,
			);
			defaultConfigurationIsVisible = 0;
			defaultConfigurationName = Release;
		};
		69FA08D6198BB01B009CD802 /* Build configuration list for PBXNativeTarget "BrewAppTests" */ = {
			isa = XCConfigurationList;
			buildConfigurations = (
				69FA08D7198BB01B009CD802 /* Debug */,
				69FA08D8198BB01B009CD802 /* Release */,
			);
			defaultConfigurationIsVisible = 0;
			defaultConfigurationName = Release;
		};
/* End XCConfigurationList section */
	};
	rootObject = 69FA0899198BB01B009CD802 /* Project object */;
}
